// !$*UTF8*$!
{
	archiveVersion = 1;
	classes = {
	};
	objectVersion = 46;
	objects = {

/* Begin PBXBuildFile section */
		1D60589F0D05DD5A006BFB54 /* Foundation.framework in Frameworks */ = {isa = PBXBuildFile; fileRef = 1D30AB110D05D00D00671497 /* Foundation.framework */; };
		1DF5F4E00D08C38300B7A737 /* UIKit.framework in Frameworks */ = {isa = PBXBuildFile; fileRef = 1DF5F4DF0D08C38300B7A737 /* UIKit.framework */; };
		288765FD0DF74451002DB57D /* CoreGraphics.framework in Frameworks */ = {isa = PBXBuildFile; fileRef = 288765FC0DF74451002DB57D /* CoreGraphics.framework */; };
		EA0EB08511D472A8006E5BEE /* AppDelegate_Pad.m in Sources */ = {isa = PBXBuildFile; fileRef = EA0EB02F11D472A8006E5BEE /* AppDelegate_Pad.m */; };
		EA0EB08611D472A8006E5BEE /* MainWindow_Pad.xib in Resources */ = {isa = PBXBuildFile; fileRef = EA0EB03011D472A8006E5BEE /* MainWindow_Pad.xib */; };
		EA0EB08711D472A8006E5BEE /* AppDelegate_Phone.m in Sources */ = {isa = PBXBuildFile; fileRef = EA0EB03311D472A8006E5BEE /* AppDelegate_Phone.m */; };
		EA0EB08811D472A8006E5BEE /* MainWindow_Phone.xib in Resources */ = {isa = PBXBuildFile; fileRef = EA0EB03411D472A8006E5BEE /* MainWindow_Phone.xib */; };
		EA0EB08911D472A8006E5BEE /* signinButtonBg.png in Resources */ = {isa = PBXBuildFile; fileRef = EA0EB03911D472A8006E5BEE /* signinButtonBg.png */; };
		EA0EB08A11D472A8006E5BEE /* signinHello.png in Resources */ = {isa = PBXBuildFile; fileRef = EA0EB03A11D472A8006E5BEE /* signinHello.png */; };
		EA0EB08B11D472A8006E5BEE /* signinSeparator.png in Resources */ = {isa = PBXBuildFile; fileRef = EA0EB03B11D472A8006E5BEE /* signinSeparator.png */; };
		EA0EB08C11D472A8006E5BEE /* signinBullet2.png in Resources */ = {isa = PBXBuildFile; fileRef = EA0EB03C11D472A8006E5BEE /* signinBullet2.png */; };
		EA0EB08D11D472A8006E5BEE /* signinBullet1.png in Resources */ = {isa = PBXBuildFile; fileRef = EA0EB03D11D472A8006E5BEE /* signinBullet1.png */; };
		EA0EB08E11D472A8006E5BEE /* TwitterLoginPopup.m in Sources */ = {isa = PBXBuildFile; fileRef = EA0EB03F11D472A8006E5BEE /* TwitterLoginPopup.m */; };
		EA0EB08F11D472A8006E5BEE /* TwitterLoginPopup.xib in Resources */ = {isa = PBXBuildFile; fileRef = EA0EB04011D472A8006E5BEE /* TwitterLoginPopup.xib */; };
		EA0EB09011D472A8006E5BEE /* TwitterWebViewController.m in Sources */ = {isa = PBXBuildFile; fileRef = EA0EB04211D472A8006E5BEE /* TwitterWebViewController.m */; };
		EA0EB09B11D472A8006E5BEE /* OAHMAC_SHA1SignatureProvider.m in Sources */ = {isa = PBXBuildFile; fileRef = EA0EB06111D472A8006E5BEE /* OAHMAC_SHA1SignatureProvider.m */; };
		EA0EB09C11D472A8006E5BEE /* Base64Transcoder.c in Sources */ = {isa = PBXBuildFile; fileRef = EA0EB06311D472A8006E5BEE /* Base64Transcoder.c */; };
		EA0EB09D11D472A8006E5BEE /* hmac.c in Sources */ = {isa = PBXBuildFile; fileRef = EA0EB06511D472A8006E5BEE /* hmac.c */; };
		EA0EB09E11D472A8006E5BEE /* sha1.c in Sources */ = {isa = PBXBuildFile; fileRef = EA0EB06711D472A8006E5BEE /* sha1.c */; };
		EA0EB09F11D472A8006E5BEE /* NSString+URLEncoding.m in Sources */ = {isa = PBXBuildFile; fileRef = EA0EB06A11D472A8006E5BEE /* NSString+URLEncoding.m */; };
		EA0EB0A011D472A8006E5BEE /* OAuth.m in Sources */ = {isa = PBXBuildFile; fileRef = EA0EB06C11D472A8006E5BEE /* OAuth.m */; };
		EA0EB0AB11D472A8006E5BEE /* main.m in Sources */ = {isa = PBXBuildFile; fileRef = EA0EB08411D472A8006E5BEE /* main.m */; };
		EA23B42A11F9549900EE464B /* MobileCoreServices.framework in Frameworks */ = {isa = PBXBuildFile; fileRef = EA23B42911F9549900EE464B /* MobileCoreServices.framework */; };
		EA25CABB12F61BF800C42D50 /* TwitterLoginCallbackFlow.xib in Resources */ = {isa = PBXBuildFile; fileRef = EA25CABA12F61BF800C42D50 /* TwitterLoginCallbackFlow.xib */; };
		EA3952101103DB3200D867AC /* SystemConfiguration.framework in Frameworks */ = {isa = PBXBuildFile; fileRef = EA39520F1103DB3200D867AC /* SystemConfiguration.framework */; };
		EA39B92112657CE100EA99DF /* signinHello@2x.png in Resources */ = {isa = PBXBuildFile; fileRef = EA39B92012657CE100EA99DF /* signinHello@2x.png */; };
		EA39B92512657DA700EA99DF /* signinBullet1@2x.png in Resources */ = {isa = PBXBuildFile; fileRef = EA39B92412657DA700EA99DF /* signinBullet1@2x.png */; };
		EA39B92712657DAC00EA99DF /* signinBullet2@2x.png in Resources */ = {isa = PBXBuildFile; fileRef = EA39B92612657DAC00EA99DF /* signinBullet2@2x.png */; };
		EA39B92A12657E1A00EA99DF /* signinButtonBg@2x.png in Resources */ = {isa = PBXBuildFile; fileRef = EA39B92912657E1A00EA99DF /* signinButtonBg@2x.png */; };
		EA3E5681149ECC0B002A6729 /* NSObject+SBJson.m in Sources */ = {isa = PBXBuildFile; fileRef = EA3E5669149ECC0A002A6729 /* NSObject+SBJson.m */; };
		EA3E5682149ECC0B002A6729 /* SBJsonParser.m in Sources */ = {isa = PBXBuildFile; fileRef = EA3E566C149ECC0A002A6729 /* SBJsonParser.m */; };
		EA3E5683149ECC0B002A6729 /* SBJsonStreamParser.m in Sources */ = {isa = PBXBuildFile; fileRef = EA3E566E149ECC0A002A6729 /* SBJsonStreamParser.m */; };
		EA3E5684149ECC0B002A6729 /* SBJsonStreamParserAccumulator.m in Sources */ = {isa = PBXBuildFile; fileRef = EA3E5670149ECC0A002A6729 /* SBJsonStreamParserAccumulator.m */; };
		EA3E5685149ECC0B002A6729 /* SBJsonStreamParserAdapter.m in Sources */ = {isa = PBXBuildFile; fileRef = EA3E5672149ECC0A002A6729 /* SBJsonStreamParserAdapter.m */; };
		EA3E5686149ECC0B002A6729 /* SBJsonStreamParserState.m in Sources */ = {isa = PBXBuildFile; fileRef = EA3E5674149ECC0A002A6729 /* SBJsonStreamParserState.m */; };
		EA3E5687149ECC0B002A6729 /* SBJsonStreamWriter.m in Sources */ = {isa = PBXBuildFile; fileRef = EA3E5676149ECC0A002A6729 /* SBJsonStreamWriter.m */; };
		EA3E5688149ECC0B002A6729 /* SBJsonStreamWriterAccumulator.m in Sources */ = {isa = PBXBuildFile; fileRef = EA3E5678149ECC0A002A6729 /* SBJsonStreamWriterAccumulator.m */; };
		EA3E5689149ECC0B002A6729 /* SBJsonStreamWriterState.m in Sources */ = {isa = PBXBuildFile; fileRef = EA3E567A149ECC0A002A6729 /* SBJsonStreamWriterState.m */; };
		EA3E568A149ECC0B002A6729 /* SBJsonTokeniser.m in Sources */ = {isa = PBXBuildFile; fileRef = EA3E567C149ECC0A002A6729 /* SBJsonTokeniser.m */; };
		EA3E568B149ECC0B002A6729 /* SBJsonUTF8Stream.m in Sources */ = {isa = PBXBuildFile; fileRef = EA3E567E149ECC0A002A6729 /* SBJsonUTF8Stream.m */; };
		EA3E568C149ECC0B002A6729 /* SBJsonWriter.m in Sources */ = {isa = PBXBuildFile; fileRef = EA3E5680149ECC0A002A6729 /* SBJsonWriter.m */; };
		EA85B115140ADADD00F687B1 /* MobileCoreServices.framework in Frameworks */ = {isa = PBXBuildFile; fileRef = EA23B42911F9549900EE464B /* MobileCoreServices.framework */; };
		EA85B116140ADADF00F687B1 /* Security.framework in Frameworks */ = {isa = PBXBuildFile; fileRef = EA3951F61103DB0A00D867AC /* Security.framework */; };
		EA85B118140ADBEF00F687B1 /* Security.framework in Frameworks */ = {isa = PBXBuildFile; fileRef = EA3951F61103DB0A00D867AC /* Security.framework */; };
		EA85B119140ADC0100F687B1 /* SystemConfiguration.framework in Frameworks */ = {isa = PBXBuildFile; fileRef = EA39520F1103DB3200D867AC /* SystemConfiguration.framework */; };
		EA85B11E140ADCA900F687B1 /* OAuth.m in Sources */ = {isa = PBXBuildFile; fileRef = EA0EB06C11D472A8006E5BEE /* OAuth.m */; };
		EA85B11F140ADCDA00F687B1 /* OAHMAC_SHA1SignatureProvider.m in Sources */ = {isa = PBXBuildFile; fileRef = EA0EB06111D472A8006E5BEE /* OAHMAC_SHA1SignatureProvider.m */; };
		EA85B120140ADCDA00F687B1 /* Base64Transcoder.c in Sources */ = {isa = PBXBuildFile; fileRef = EA0EB06311D472A8006E5BEE /* Base64Transcoder.c */; };
		EA85B121140ADCDA00F687B1 /* hmac.c in Sources */ = {isa = PBXBuildFile; fileRef = EA0EB06511D472A8006E5BEE /* hmac.c */; };
		EA85B122140ADCDA00F687B1 /* sha1.c in Sources */ = {isa = PBXBuildFile; fileRef = EA0EB06711D472A8006E5BEE /* sha1.c */; };
		EA85B123140ADCDA00F687B1 /* NSString+URLEncoding.m in Sources */ = {isa = PBXBuildFile; fileRef = EA0EB06A11D472A8006E5BEE /* NSString+URLEncoding.m */; };
		EA8C57B01483552900E96D9F /* Master.m in Sources */ = {isa = PBXBuildFile; fileRef = EA8C57AE1483552900E96D9F /* Master.m */; };
		EA8C57B11483552900E96D9F /* Master.xib in Resources */ = {isa = PBXBuildFile; fileRef = EA8C57AF1483552900E96D9F /* Master.xib */; };
		EA8C57BC148368F100E96D9F /* FoursquareLoginPopup.m in Sources */ = {isa = PBXBuildFile; fileRef = EA8C57BB148368F100E96D9F /* FoursquareLoginPopup.m */; };
		EA94F339140AD7DC00EFAF02 /* SenTestingKit.framework in Frameworks */ = {isa = PBXBuildFile; fileRef = EA94F338140AD7DC00EFAF02 /* SenTestingKit.framework */; };
		EA94F33A140AD7DC00EFAF02 /* UIKit.framework in Frameworks */ = {isa = PBXBuildFile; fileRef = 1DF5F4DF0D08C38300B7A737 /* UIKit.framework */; };
		EA94F33B140AD7DC00EFAF02 /* Foundation.framework in Frameworks */ = {isa = PBXBuildFile; fileRef = 1D30AB110D05D00D00671497 /* Foundation.framework */; };
		EA94F33C140AD7DC00EFAF02 /* CoreGraphics.framework in Frameworks */ = {isa = PBXBuildFile; fileRef = 288765FC0DF74451002DB57D /* CoreGraphics.framework */; };
		EA94F342140AD7DC00EFAF02 /* InfoPlist.strings in Resources */ = {isa = PBXBuildFile; fileRef = EA94F340140AD7DC00EFAF02 /* InfoPlist.strings */; };
		EA94F344140AD7DC00EFAF02 /* PlainOAuthUnitTests.h in Resources */ = {isa = PBXBuildFile; fileRef = EA94F343140AD7DC00EFAF02 /* PlainOAuthUnitTests.h */; };
		EA94F346140AD7DC00EFAF02 /* PlainOAuthUnitTests.m in Sources */ = {isa = PBXBuildFile; fileRef = EA94F345140AD7DC00EFAF02 /* PlainOAuthUnitTests.m */; };
		EAA077071470C70C00B03C87 /* OAuthTwitter.m in Sources */ = {isa = PBXBuildFile; fileRef = EAA077061470C70C00B03C87 /* OAuthTwitter.m */; };
		EAC23582146F8B8400B9629F /* libz.dylib in Frameworks */ = {isa = PBXBuildFile; fileRef = EAC23581146F8B8400B9629F /* libz.dylib */; };
		EAC23583146F8BAA00B9629F /* libz.dylib in Frameworks */ = {isa = PBXBuildFile; fileRef = EAC23581146F8B8400B9629F /* libz.dylib */; };
		EACBA7EB14836BE500512B5A /* FoursquareController.m in Sources */ = {isa = PBXBuildFile; fileRef = EACBA7E914836BE500512B5A /* FoursquareController.m */; };
		EACBA7EC14836BE500512B5A /* FoursquareController.xib in Resources */ = {isa = PBXBuildFile; fileRef = EACBA7EA14836BE500512B5A /* FoursquareController.xib */; };
		EACE237C11E047A20083EB38 /* UploadMedia.m in Sources */ = {isa = PBXBuildFile; fileRef = EACE237A11E047A20083EB38 /* UploadMedia.m */; };
		EACE237D11E047A20083EB38 /* UploadMedia.xib in Resources */ = {isa = PBXBuildFile; fileRef = EACE237B11E047A20083EB38 /* UploadMedia.xib */; };
		EACE238411E048620083EB38 /* CustomLoginPopup.m in Sources */ = {isa = PBXBuildFile; fileRef = EACE238011E048620083EB38 /* CustomLoginPopup.m */; };
		EACE238511E048620083EB38 /* TwitterController.m in Sources */ = {isa = PBXBuildFile; fileRef = EACE238211E048620083EB38 /* TwitterController.m */; };
		EACE238611E048620083EB38 /* TwitterController.xib in Resources */ = {isa = PBXBuildFile; fileRef = EACE238311E048620083EB38 /* TwitterController.xib */; };
/* End PBXBuildFile section */

/* Begin PBXFileReference section */
		1D30AB110D05D00D00671497 /* Foundation.framework */ = {isa = PBXFileReference; lastKnownFileType = wrapper.framework; name = Foundation.framework; path = System/Library/Frameworks/Foundation.framework; sourceTree = SDKROOT; };
		1D6058910D05DD3D006BFB54 /* PlainOAuth.app */ = {isa = PBXFileReference; explicitFileType = wrapper.application; includeInIndex = 0; path = PlainOAuth.app; sourceTree = BUILT_PRODUCTS_DIR; };
		1DF5F4DF0D08C38300B7A737 /* UIKit.framework */ = {isa = PBXFileReference; lastKnownFileType = wrapper.framework; name = UIKit.framework; path = System/Library/Frameworks/UIKit.framework; sourceTree = SDKROOT; };
		288765FC0DF74451002DB57D /* CoreGraphics.framework */ = {isa = PBXFileReference; lastKnownFileType = wrapper.framework; name = CoreGraphics.framework; path = System/Library/Frameworks/CoreGraphics.framework; sourceTree = SDKROOT; };
		EA0EB02E11D472A8006E5BEE /* AppDelegate_Pad.h */ = {isa = PBXFileReference; fileEncoding = 4; lastKnownFileType = sourcecode.c.h; path = AppDelegate_Pad.h; sourceTree = "<group>"; };
		EA0EB02F11D472A8006E5BEE /* AppDelegate_Pad.m */ = {isa = PBXFileReference; fileEncoding = 4; lastKnownFileType = sourcecode.c.objc; path = AppDelegate_Pad.m; sourceTree = "<group>"; };
		EA0EB03011D472A8006E5BEE /* MainWindow_Pad.xib */ = {isa = PBXFileReference; lastKnownFileType = file.xib; path = MainWindow_Pad.xib; sourceTree = "<group>"; };
		EA0EB03211D472A8006E5BEE /* AppDelegate_Phone.h */ = {isa = PBXFileReference; fileEncoding = 4; lastKnownFileType = sourcecode.c.h; path = AppDelegate_Phone.h; sourceTree = "<group>"; };
		EA0EB03311D472A8006E5BEE /* AppDelegate_Phone.m */ = {isa = PBXFileReference; fileEncoding = 4; lastKnownFileType = sourcecode.c.objc; path = AppDelegate_Phone.m; sourceTree = "<group>"; };
		EA0EB03411D472A8006E5BEE /* MainWindow_Phone.xib */ = {isa = PBXFileReference; lastKnownFileType = file.xib; path = MainWindow_Phone.xib; sourceTree = "<group>"; };
		EA0EB03611D472A8006E5BEE /* OAuthConsumerCredentials.h */ = {isa = PBXFileReference; fileEncoding = 4; lastKnownFileType = sourcecode.c.h; path = OAuthConsumerCredentials.h; sourceTree = "<group>"; };
		EA0EB03911D472A8006E5BEE /* signinButtonBg.png */ = {isa = PBXFileReference; lastKnownFileType = image.png; path = signinButtonBg.png; sourceTree = "<group>"; };
		EA0EB03A11D472A8006E5BEE /* signinHello.png */ = {isa = PBXFileReference; lastKnownFileType = image.png; path = signinHello.png; sourceTree = "<group>"; };
		EA0EB03B11D472A8006E5BEE /* signinSeparator.png */ = {isa = PBXFileReference; lastKnownFileType = image.png; path = signinSeparator.png; sourceTree = "<group>"; };
		EA0EB03C11D472A8006E5BEE /* signinBullet2.png */ = {isa = PBXFileReference; lastKnownFileType = image.png; path = signinBullet2.png; sourceTree = "<group>"; };
		EA0EB03D11D472A8006E5BEE /* signinBullet1.png */ = {isa = PBXFileReference; lastKnownFileType = image.png; path = signinBullet1.png; sourceTree = "<group>"; };
		EA0EB03E11D472A8006E5BEE /* TwitterLoginPopup.h */ = {isa = PBXFileReference; fileEncoding = 4; lastKnownFileType = sourcecode.c.h; path = TwitterLoginPopup.h; sourceTree = "<group>"; };
		EA0EB03F11D472A8006E5BEE /* TwitterLoginPopup.m */ = {isa = PBXFileReference; fileEncoding = 4; lastKnownFileType = sourcecode.c.objc; path = TwitterLoginPopup.m; sourceTree = "<group>"; };
		EA0EB04011D472A8006E5BEE /* TwitterLoginPopup.xib */ = {isa = PBXFileReference; lastKnownFileType = file.xib; path = TwitterLoginPopup.xib; sourceTree = "<group>"; };
		EA0EB04111D472A8006E5BEE /* TwitterWebViewController.h */ = {isa = PBXFileReference; fileEncoding = 4; lastKnownFileType = sourcecode.c.h; path = TwitterWebViewController.h; sourceTree = "<group>"; };
		EA0EB04211D472A8006E5BEE /* TwitterWebViewController.m */ = {isa = PBXFileReference; fileEncoding = 4; lastKnownFileType = sourcecode.c.objc; path = TwitterWebViewController.m; sourceTree = "<group>"; };
		EA0EB04411D472A8006E5BEE /* OAuthLoginPopupDelegate.h */ = {isa = PBXFileReference; fileEncoding = 4; lastKnownFileType = sourcecode.c.h; path = OAuthLoginPopupDelegate.h; sourceTree = "<group>"; };
		EA0EB04611D472A8006E5BEE /* OAuthTwitterCallbacks.h */ = {isa = PBXFileReference; fileEncoding = 4; lastKnownFileType = sourcecode.c.h; path = OAuthTwitterCallbacks.h; sourceTree = "<group>"; };
		EA0EB06011D472A8006E5BEE /* OAHMAC_SHA1SignatureProvider.h */ = {isa = PBXFileReference; fileEncoding = 4; lastKnownFileType = sourcecode.c.h; path = OAHMAC_SHA1SignatureProvider.h; sourceTree = "<group>"; };
		EA0EB06111D472A8006E5BEE /* OAHMAC_SHA1SignatureProvider.m */ = {isa = PBXFileReference; fileEncoding = 4; lastKnownFileType = sourcecode.c.objc; path = OAHMAC_SHA1SignatureProvider.m; sourceTree = "<group>"; };
		EA0EB06211D472A8006E5BEE /* OASignatureProviding.h */ = {isa = PBXFileReference; fileEncoding = 4; lastKnownFileType = sourcecode.c.h; path = OASignatureProviding.h; sourceTree = "<group>"; };
		EA0EB06311D472A8006E5BEE /* Base64Transcoder.c */ = {isa = PBXFileReference; fileEncoding = 4; lastKnownFileType = sourcecode.c.c; path = Base64Transcoder.c; sourceTree = "<group>"; };
		EA0EB06411D472A8006E5BEE /* Base64Transcoder.h */ = {isa = PBXFileReference; fileEncoding = 4; lastKnownFileType = sourcecode.c.h; path = Base64Transcoder.h; sourceTree = "<group>"; };
		EA0EB06511D472A8006E5BEE /* hmac.c */ = {isa = PBXFileReference; fileEncoding = 4; lastKnownFileType = sourcecode.c.c; path = hmac.c; sourceTree = "<group>"; };
		EA0EB06611D472A8006E5BEE /* hmac.h */ = {isa = PBXFileReference; fileEncoding = 4; lastKnownFileType = sourcecode.c.h; path = hmac.h; sourceTree = "<group>"; };
		EA0EB06711D472A8006E5BEE /* sha1.c */ = {isa = PBXFileReference; fileEncoding = 4; lastKnownFileType = sourcecode.c.c; path = sha1.c; sourceTree = "<group>"; };
		EA0EB06811D472A8006E5BEE /* sha1.h */ = {isa = PBXFileReference; fileEncoding = 4; lastKnownFileType = sourcecode.c.h; path = sha1.h; sourceTree = "<group>"; };
		EA0EB06911D472A8006E5BEE /* NSString+URLEncoding.h */ = {isa = PBXFileReference; fileEncoding = 4; lastKnownFileType = sourcecode.c.h; path = "NSString+URLEncoding.h"; sourceTree = "<group>"; };
		EA0EB06A11D472A8006E5BEE /* NSString+URLEncoding.m */ = {isa = PBXFileReference; fileEncoding = 4; lastKnownFileType = sourcecode.c.objc; path = "NSString+URLEncoding.m"; sourceTree = "<group>"; };
		EA0EB06B11D472A8006E5BEE /* OAuth.h */ = {isa = PBXFileReference; fileEncoding = 4; lastKnownFileType = sourcecode.c.h; path = OAuth.h; sourceTree = "<group>"; };
		EA0EB06C11D472A8006E5BEE /* OAuth.m */ = {isa = PBXFileReference; fileEncoding = 4; lastKnownFileType = sourcecode.c.objc; path = OAuth.m; sourceTree = "<group>"; };
		EA0EB07511D472A8006E5BEE /* PlainOAuth-Info.plist */ = {isa = PBXFileReference; fileEncoding = 4; lastKnownFileType = text.plist.xml; path = "PlainOAuth-Info.plist"; sourceTree = "<group>"; };
		EA0EB08311D472A8006E5BEE /* PlainOAuth_Prefix.pch */ = {isa = PBXFileReference; fileEncoding = 4; lastKnownFileType = sourcecode.c.h; path = PlainOAuth_Prefix.pch; sourceTree = "<group>"; };
		EA0EB08411D472A8006E5BEE /* main.m */ = {isa = PBXFileReference; fileEncoding = 4; lastKnownFileType = sourcecode.c.objc; path = main.m; sourceTree = "<group>"; };
		EA23B42911F9549900EE464B /* MobileCoreServices.framework */ = {isa = PBXFileReference; lastKnownFileType = wrapper.framework; name = MobileCoreServices.framework; path = System/Library/Frameworks/MobileCoreServices.framework; sourceTree = SDKROOT; };
		EA25CABA12F61BF800C42D50 /* TwitterLoginCallbackFlow.xib */ = {isa = PBXFileReference; lastKnownFileType = file.xib; path = TwitterLoginCallbackFlow.xib; sourceTree = "<group>"; };
		EA3951F61103DB0A00D867AC /* Security.framework */ = {isa = PBXFileReference; lastKnownFileType = wrapper.framework; name = Security.framework; path = System/Library/Frameworks/Security.framework; sourceTree = SDKROOT; };
		EA39520F1103DB3200D867AC /* SystemConfiguration.framework */ = {isa = PBXFileReference; lastKnownFileType = wrapper.framework; name = SystemConfiguration.framework; path = System/Library/Frameworks/SystemConfiguration.framework; sourceTree = SDKROOT; };
		EA39B92012657CE100EA99DF /* signinHello@2x.png */ = {isa = PBXFileReference; lastKnownFileType = image.png; path = "signinHello@2x.png"; sourceTree = "<group>"; };
		EA39B92412657DA700EA99DF /* signinBullet1@2x.png */ = {isa = PBXFileReference; lastKnownFileType = image.png; path = "signinBullet1@2x.png"; sourceTree = "<group>"; };
		EA39B92612657DAC00EA99DF /* signinBullet2@2x.png */ = {isa = PBXFileReference; lastKnownFileType = image.png; path = "signinBullet2@2x.png"; sourceTree = "<group>"; };
		EA39B92912657E1A00EA99DF /* signinButtonBg@2x.png */ = {isa = PBXFileReference; lastKnownFileType = image.png; path = "signinButtonBg@2x.png"; sourceTree = "<group>"; };
		EA3E5668149ECC0A002A6729 /* NSObject+SBJson.h */ = {isa = PBXFileReference; fileEncoding = 4; lastKnownFileType = sourcecode.c.h; path = "NSObject+SBJson.h"; sourceTree = "<group>"; };
		EA3E5669149ECC0A002A6729 /* NSObject+SBJson.m */ = {isa = PBXFileReference; fileEncoding = 4; lastKnownFileType = sourcecode.c.objc; path = "NSObject+SBJson.m"; sourceTree = "<group>"; };
		EA3E566A149ECC0A002A6729 /* SBJson.h */ = {isa = PBXFileReference; fileEncoding = 4; lastKnownFileType = sourcecode.c.h; path = SBJson.h; sourceTree = "<group>"; };
		EA3E566B149ECC0A002A6729 /* SBJsonParser.h */ = {isa = PBXFileReference; fileEncoding = 4; lastKnownFileType = sourcecode.c.h; path = SBJsonParser.h; sourceTree = "<group>"; };
		EA3E566C149ECC0A002A6729 /* SBJsonParser.m */ = {isa = PBXFileReference; fileEncoding = 4; lastKnownFileType = sourcecode.c.objc; path = SBJsonParser.m; sourceTree = "<group>"; };
		EA3E566D149ECC0A002A6729 /* SBJsonStreamParser.h */ = {isa = PBXFileReference; fileEncoding = 4; lastKnownFileType = sourcecode.c.h; path = SBJsonStreamParser.h; sourceTree = "<group>"; };
		EA3E566E149ECC0A002A6729 /* SBJsonStreamParser.m */ = {isa = PBXFileReference; fileEncoding = 4; lastKnownFileType = sourcecode.c.objc; path = SBJsonStreamParser.m; sourceTree = "<group>"; };
		EA3E566F149ECC0A002A6729 /* SBJsonStreamParserAccumulator.h */ = {isa = PBXFileReference; fileEncoding = 4; lastKnownFileType = sourcecode.c.h; path = SBJsonStreamParserAccumulator.h; sourceTree = "<group>"; };
		EA3E5670149ECC0A002A6729 /* SBJsonStreamParserAccumulator.m */ = {isa = PBXFileReference; fileEncoding = 4; lastKnownFileType = sourcecode.c.objc; path = SBJsonStreamParserAccumulator.m; sourceTree = "<group>"; };
		EA3E5671149ECC0A002A6729 /* SBJsonStreamParserAdapter.h */ = {isa = PBXFileReference; fileEncoding = 4; lastKnownFileType = sourcecode.c.h; path = SBJsonStreamParserAdapter.h; sourceTree = "<group>"; };
		EA3E5672149ECC0A002A6729 /* SBJsonStreamParserAdapter.m */ = {isa = PBXFileReference; fileEncoding = 4; lastKnownFileType = sourcecode.c.objc; path = SBJsonStreamParserAdapter.m; sourceTree = "<group>"; };
		EA3E5673149ECC0A002A6729 /* SBJsonStreamParserState.h */ = {isa = PBXFileReference; fileEncoding = 4; lastKnownFileType = sourcecode.c.h; path = SBJsonStreamParserState.h; sourceTree = "<group>"; };
		EA3E5674149ECC0A002A6729 /* SBJsonStreamParserState.m */ = {isa = PBXFileReference; fileEncoding = 4; lastKnownFileType = sourcecode.c.objc; path = SBJsonStreamParserState.m; sourceTree = "<group>"; };
		EA3E5675149ECC0A002A6729 /* SBJsonStreamWriter.h */ = {isa = PBXFileReference; fileEncoding = 4; lastKnownFileType = sourcecode.c.h; path = SBJsonStreamWriter.h; sourceTree = "<group>"; };
		EA3E5676149ECC0A002A6729 /* SBJsonStreamWriter.m */ = {isa = PBXFileReference; fileEncoding = 4; lastKnownFileType = sourcecode.c.objc; path = SBJsonStreamWriter.m; sourceTree = "<group>"; };
		EA3E5677149ECC0A002A6729 /* SBJsonStreamWriterAccumulator.h */ = {isa = PBXFileReference; fileEncoding = 4; lastKnownFileType = sourcecode.c.h; path = SBJsonStreamWriterAccumulator.h; sourceTree = "<group>"; };
		EA3E5678149ECC0A002A6729 /* SBJsonStreamWriterAccumulator.m */ = {isa = PBXFileReference; fileEncoding = 4; lastKnownFileType = sourcecode.c.objc; path = SBJsonStreamWriterAccumulator.m; sourceTree = "<group>"; };
		EA3E5679149ECC0A002A6729 /* SBJsonStreamWriterState.h */ = {isa = PBXFileReference; fileEncoding = 4; lastKnownFileType = sourcecode.c.h; path = SBJsonStreamWriterState.h; sourceTree = "<group>"; };
		EA3E567A149ECC0A002A6729 /* SBJsonStreamWriterState.m */ = {isa = PBXFileReference; fileEncoding = 4; lastKnownFileType = sourcecode.c.objc; path = SBJsonStreamWriterState.m; sourceTree = "<group>"; };
		EA3E567B149ECC0A002A6729 /* SBJsonTokeniser.h */ = {isa = PBXFileReference; fileEncoding = 4; lastKnownFileType = sourcecode.c.h; path = SBJsonTokeniser.h; sourceTree = "<group>"; };
		EA3E567C149ECC0A002A6729 /* SBJsonTokeniser.m */ = {isa = PBXFileReference; fileEncoding = 4; lastKnownFileType = sourcecode.c.objc; path = SBJsonTokeniser.m; sourceTree = "<group>"; };
		EA3E567D149ECC0A002A6729 /* SBJsonUTF8Stream.h */ = {isa = PBXFileReference; fileEncoding = 4; lastKnownFileType = sourcecode.c.h; path = SBJsonUTF8Stream.h; sourceTree = "<group>"; };
		EA3E567E149ECC0A002A6729 /* SBJsonUTF8Stream.m */ = {isa = PBXFileReference; fileEncoding = 4; lastKnownFileType = sourcecode.c.objc; path = SBJsonUTF8Stream.m; sourceTree = "<group>"; };
		EA3E567F149ECC0A002A6729 /* SBJsonWriter.h */ = {isa = PBXFileReference; fileEncoding = 4; lastKnownFileType = sourcecode.c.h; path = SBJsonWriter.h; sourceTree = "<group>"; };
		EA3E5680149ECC0A002A6729 /* SBJsonWriter.m */ = {isa = PBXFileReference; fileEncoding = 4; lastKnownFileType = sourcecode.c.objc; path = SBJsonWriter.m; sourceTree = "<group>"; };
		EA8C57AD1483552900E96D9F /* Master.h */ = {isa = PBXFileReference; fileEncoding = 4; lastKnownFileType = sourcecode.c.h; name = Master.h; path = Shared/Master.h; sourceTree = "<group>"; };
		EA8C57AE1483552900E96D9F /* Master.m */ = {isa = PBXFileReference; fileEncoding = 4; lastKnownFileType = sourcecode.c.objc; name = Master.m; path = Shared/Master.m; sourceTree = "<group>"; };
		EA8C57AF1483552900E96D9F /* Master.xib */ = {isa = PBXFileReference; fileEncoding = 4; lastKnownFileType = file.xib; name = Master.xib; path = Shared/Master.xib; sourceTree = "<group>"; };
		EA8C57BA148368F100E96D9F /* FoursquareLoginPopup.h */ = {isa = PBXFileReference; fileEncoding = 4; lastKnownFileType = sourcecode.c.h; path = FoursquareLoginPopup.h; sourceTree = "<group>"; };
		EA8C57BB148368F100E96D9F /* FoursquareLoginPopup.m */ = {isa = PBXFileReference; fileEncoding = 4; lastKnownFileType = sourcecode.c.objc; path = FoursquareLoginPopup.m; sourceTree = "<group>"; };
		EA94F337140AD7DC00EFAF02 /* PlainOAuthUnitTests.octest */ = {isa = PBXFileReference; explicitFileType = wrapper.cfbundle; includeInIndex = 0; path = PlainOAuthUnitTests.octest; sourceTree = BUILT_PRODUCTS_DIR; };
		EA94F338140AD7DC00EFAF02 /* SenTestingKit.framework */ = {isa = PBXFileReference; lastKnownFileType = wrapper.framework; name = SenTestingKit.framework; path = Library/Frameworks/SenTestingKit.framework; sourceTree = DEVELOPER_DIR; };
		EA94F33F140AD7DC00EFAF02 /* PlainOAuthUnitTests-Info.plist */ = {isa = PBXFileReference; lastKnownFileType = text.plist.xml; path = "PlainOAuthUnitTests-Info.plist"; sourceTree = "<group>"; };
		EA94F341140AD7DC00EFAF02 /* en */ = {isa = PBXFileReference; lastKnownFileType = text.plist.strings; name = en; path = en.lproj/InfoPlist.strings; sourceTree = "<group>"; };
		EA94F343140AD7DC00EFAF02 /* PlainOAuthUnitTests.h */ = {isa = PBXFileReference; lastKnownFileType = sourcecode.c.h; path = PlainOAuthUnitTests.h; sourceTree = "<group>"; };
		EA94F345140AD7DC00EFAF02 /* PlainOAuthUnitTests.m */ = {isa = PBXFileReference; lastKnownFileType = sourcecode.c.objc; path = PlainOAuthUnitTests.m; sourceTree = "<group>"; };
		EA94F347140AD7DC00EFAF02 /* PlainOAuthUnitTests-Prefix.pch */ = {isa = PBXFileReference; lastKnownFileType = sourcecode.c.h; path = "PlainOAuthUnitTests-Prefix.pch"; sourceTree = "<group>"; };
		EAA077051470C70C00B03C87 /* OAuthTwitter.h */ = {isa = PBXFileReference; fileEncoding = 4; lastKnownFileType = sourcecode.c.h; path = OAuthTwitter.h; sourceTree = "<group>"; };
		EAA077061470C70C00B03C87 /* OAuthTwitter.m */ = {isa = PBXFileReference; fileEncoding = 4; lastKnownFileType = sourcecode.c.objc; path = OAuthTwitter.m; sourceTree = "<group>"; };
		EAC23581146F8B8400B9629F /* libz.dylib */ = {isa = PBXFileReference; lastKnownFileType = "compiled.mach-o.dylib"; name = libz.dylib; path = usr/lib/libz.dylib; sourceTree = SDKROOT; };
		EACBA7E814836BE500512B5A /* FoursquareController.h */ = {isa = PBXFileReference; fileEncoding = 4; lastKnownFileType = sourcecode.c.h; name = FoursquareController.h; path = Shared/FoursquareController.h; sourceTree = "<group>"; };
		EACBA7E914836BE500512B5A /* FoursquareController.m */ = {isa = PBXFileReference; fileEncoding = 4; lastKnownFileType = sourcecode.c.objc; name = FoursquareController.m; path = Shared/FoursquareController.m; sourceTree = "<group>"; };
		EACBA7EA14836BE500512B5A /* FoursquareController.xib */ = {isa = PBXFileReference; fileEncoding = 4; lastKnownFileType = file.xib; name = FoursquareController.xib; path = Shared/FoursquareController.xib; sourceTree = "<group>"; };
		EACBA7EE14836C7600512B5A /* TwitterLoginUiFeedback.h */ = {isa = PBXFileReference; fileEncoding = 4; lastKnownFileType = sourcecode.c.h; path = TwitterLoginUiFeedback.h; sourceTree = "<group>"; };
		EACE237911E047A20083EB38 /* UploadMedia.h */ = {isa = PBXFileReference; fileEncoding = 4; lastKnownFileType = sourcecode.c.h; name = UploadMedia.h; path = Shared/UploadMedia.h; sourceTree = "<group>"; };
		EACE237A11E047A20083EB38 /* UploadMedia.m */ = {isa = PBXFileReference; fileEncoding = 4; lastKnownFileType = sourcecode.c.objc; name = UploadMedia.m; path = Shared/UploadMedia.m; sourceTree = "<group>"; };
		EACE237B11E047A20083EB38 /* UploadMedia.xib */ = {isa = PBXFileReference; lastKnownFileType = file.xib; name = UploadMedia.xib; path = Shared/UploadMedia.xib; sourceTree = "<group>"; };
		EACE237F11E048620083EB38 /* CustomLoginPopup.h */ = {isa = PBXFileReference; fileEncoding = 4; lastKnownFileType = sourcecode.c.h; name = CustomLoginPopup.h; path = Shared/CustomLoginPopup.h; sourceTree = "<group>"; };
		EACE238011E048620083EB38 /* CustomLoginPopup.m */ = {isa = PBXFileReference; fileEncoding = 4; lastKnownFileType = sourcecode.c.objc; name = CustomLoginPopup.m; path = Shared/CustomLoginPopup.m; sourceTree = "<group>"; };
		EACE238111E048620083EB38 /* TwitterController.h */ = {isa = PBXFileReference; fileEncoding = 4; lastKnownFileType = sourcecode.c.h; name = TwitterController.h; path = Shared/TwitterController.h; sourceTree = "<group>"; };
		EACE238211E048620083EB38 /* TwitterController.m */ = {isa = PBXFileReference; fileEncoding = 4; lastKnownFileType = sourcecode.c.objc; name = TwitterController.m; path = Shared/TwitterController.m; sourceTree = "<group>"; };
		EACE238311E048620083EB38 /* TwitterController.xib */ = {isa = PBXFileReference; lastKnownFileType = file.xib; name = TwitterController.xib; path = Shared/TwitterController.xib; sourceTree = "<group>"; };
/* End PBXFileReference section */

/* Begin PBXFrameworksBuildPhase section */
		1D60588F0D05DD3D006BFB54 /* Frameworks */ = {
			isa = PBXFrameworksBuildPhase;
			buildActionMask = 2147483647;
			files = (
				EAC23583146F8BAA00B9629F /* libz.dylib in Frameworks */,
				288765FD0DF74451002DB57D /* CoreGraphics.framework in Frameworks */,
				1D60589F0D05DD5A006BFB54 /* Foundation.framework in Frameworks */,
				EA23B42A11F9549900EE464B /* MobileCoreServices.framework in Frameworks */,
				EA85B118140ADBEF00F687B1 /* Security.framework in Frameworks */,
				EA3952101103DB3200D867AC /* SystemConfiguration.framework in Frameworks */,
				1DF5F4E00D08C38300B7A737 /* UIKit.framework in Frameworks */,
			);
			runOnlyForDeploymentPostprocessing = 0;
		};
		EA94F333140AD7DC00EFAF02 /* Frameworks */ = {
			isa = PBXFrameworksBuildPhase;
			buildActionMask = 2147483647;
			files = (
				EAC23582146F8B8400B9629F /* libz.dylib in Frameworks */,
				EA94F33C140AD7DC00EFAF02 /* CoreGraphics.framework in Frameworks */,
				EA94F33B140AD7DC00EFAF02 /* Foundation.framework in Frameworks */,
				EA85B115140ADADD00F687B1 /* MobileCoreServices.framework in Frameworks */,
				EA94F339140AD7DC00EFAF02 /* SenTestingKit.framework in Frameworks */,
				EA85B116140ADADF00F687B1 /* Security.framework in Frameworks */,
				EA85B119140ADC0100F687B1 /* SystemConfiguration.framework in Frameworks */,
				EA94F33A140AD7DC00EFAF02 /* UIKit.framework in Frameworks */,
			);
			runOnlyForDeploymentPostprocessing = 0;
		};
/* End PBXFrameworksBuildPhase section */

/* Begin PBXGroup section */
		19C28FACFE9D520D11CA2CBB /* Products */ = {
			isa = PBXGroup;
			children = (
				1D6058910D05DD3D006BFB54 /* PlainOAuth.app */,
				EA94F337140AD7DC00EFAF02 /* PlainOAuthUnitTests.octest */,
			);
			name = Products;
			sourceTree = "<group>";
		};
		29B97314FDCFA39411CA2CEA /* CustomTemplate */ = {
			isa = PBXGroup;
			children = (
				EA0EB07611D472A8006E5BEE /* Other Sources */,
				EA0EB06F11D472A8006E5BEE /* Shared */,
				EA0EB02D11D472A8006E5BEE /* iPad */,
				EA0EB03111D472A8006E5BEE /* iPhone */,
				EA0EB03511D472A8006E5BEE /* OAuth */,
				EA94F33D140AD7DC00EFAF02 /* PlainOAuthUnitTests */,
				29B97323FDCFA39411CA2CEA /* Frameworks */,
				19C28FACFE9D520D11CA2CBB /* Products */,
			);
			name = CustomTemplate;
			sourceTree = "<group>";
		};
		29B97323FDCFA39411CA2CEA /* Frameworks */ = {
			isa = PBXGroup;
			children = (
				EAC23581146F8B8400B9629F /* libz.dylib */,
				288765FC0DF74451002DB57D /* CoreGraphics.framework */,
				1D30AB110D05D00D00671497 /* Foundation.framework */,
				EA23B42911F9549900EE464B /* MobileCoreServices.framework */,
				EA3951F61103DB0A00D867AC /* Security.framework */,
				EA94F338140AD7DC00EFAF02 /* SenTestingKit.framework */,
				EA39520F1103DB3200D867AC /* SystemConfiguration.framework */,
				1DF5F4DF0D08C38300B7A737 /* UIKit.framework */,
			);
			name = Frameworks;
			sourceTree = "<group>";
		};
		EA0EB02D11D472A8006E5BEE /* iPad */ = {
			isa = PBXGroup;
			children = (
				EA0EB02E11D472A8006E5BEE /* AppDelegate_Pad.h */,
				EA0EB02F11D472A8006E5BEE /* AppDelegate_Pad.m */,
				EA0EB03011D472A8006E5BEE /* MainWindow_Pad.xib */,
			);
			path = iPad;
			sourceTree = "<group>";
		};
		EA0EB03111D472A8006E5BEE /* iPhone */ = {
			isa = PBXGroup;
			children = (
				EA0EB03211D472A8006E5BEE /* AppDelegate_Phone.h */,
				EA0EB03311D472A8006E5BEE /* AppDelegate_Phone.m */,
				EA0EB03411D472A8006E5BEE /* MainWindow_Phone.xib */,
			);
			path = iPhone;
			sourceTree = "<group>";
		};
		EA0EB03511D472A8006E5BEE /* OAuth */ = {
			isa = PBXGroup;
			children = (
				EA0EB03611D472A8006E5BEE /* OAuthConsumerCredentials.h */,
				EA0EB03711D472A8006E5BEE /* User Interface */,
				EA0EB04311D472A8006E5BEE /* Protocols */,
				EA0EB04711D472A8006E5BEE /* Guts */,
			);
			path = OAuth;
			sourceTree = "<group>";
		};
		EA0EB03711D472A8006E5BEE /* User Interface */ = {
			isa = PBXGroup;
			children = (
				EA0EB03811D472A8006E5BEE /* Resources */,
				EA8C57BA148368F100E96D9F /* FoursquareLoginPopup.h */,
				EA8C57BB148368F100E96D9F /* FoursquareLoginPopup.m */,
				EA0EB03E11D472A8006E5BEE /* TwitterLoginPopup.h */,
				EA0EB03F11D472A8006E5BEE /* TwitterLoginPopup.m */,
				EA0EB04011D472A8006E5BEE /* TwitterLoginPopup.xib */,
				EA25CABA12F61BF800C42D50 /* TwitterLoginCallbackFlow.xib */,
				EA0EB04111D472A8006E5BEE /* TwitterWebViewController.h */,
				EA0EB04211D472A8006E5BEE /* TwitterWebViewController.m */,
			);
			path = "User Interface";
			sourceTree = "<group>";
		};
		EA0EB03811D472A8006E5BEE /* Resources */ = {
			isa = PBXGroup;
			children = (
				EA0EB03911D472A8006E5BEE /* signinButtonBg.png */,
				EA39B92912657E1A00EA99DF /* signinButtonBg@2x.png */,
				EA0EB03A11D472A8006E5BEE /* signinHello.png */,
				EA39B92012657CE100EA99DF /* signinHello@2x.png */,
				EA0EB03B11D472A8006E5BEE /* signinSeparator.png */,
				EA0EB03C11D472A8006E5BEE /* signinBullet2.png */,
				EA39B92612657DAC00EA99DF /* signinBullet2@2x.png */,
				EA0EB03D11D472A8006E5BEE /* signinBullet1.png */,
				EA39B92412657DA700EA99DF /* signinBullet1@2x.png */,
			);
			path = Resources;
			sourceTree = "<group>";
		};
		EA0EB04311D472A8006E5BEE /* Protocols */ = {
			isa = PBXGroup;
			children = (
				EA0EB04411D472A8006E5BEE /* OAuthLoginPopupDelegate.h */,
				EACBA7EE14836C7600512B5A /* TwitterLoginUiFeedback.h */,
				EA0EB04611D472A8006E5BEE /* OAuthTwitterCallbacks.h */,
			);
			path = Protocols;
			sourceTree = "<group>";
		};
		EA0EB04711D472A8006E5BEE /* Guts */ = {
			isa = PBXGroup;
			children = (
				EA0EB05F11D472A8006E5BEE /* Crypto */,
				EA0EB06911D472A8006E5BEE /* NSString+URLEncoding.h */,
				EA0EB06A11D472A8006E5BEE /* NSString+URLEncoding.m */,
				EA0EB06B11D472A8006E5BEE /* OAuth.h */,
				EA0EB06C11D472A8006E5BEE /* OAuth.m */,
				EAA077051470C70C00B03C87 /* OAuthTwitter.h */,
				EAA077061470C70C00B03C87 /* OAuthTwitter.m */,
			);
			path = Guts;
			sourceTree = "<group>";
		};
		EA0EB05F11D472A8006E5BEE /* Crypto */ = {
			isa = PBXGroup;
			children = (
				EA0EB06011D472A8006E5BEE /* OAHMAC_SHA1SignatureProvider.h */,
				EA0EB06111D472A8006E5BEE /* OAHMAC_SHA1SignatureProvider.m */,
				EA0EB06211D472A8006E5BEE /* OASignatureProviding.h */,
				EA0EB06311D472A8006E5BEE /* Base64Transcoder.c */,
				EA0EB06411D472A8006E5BEE /* Base64Transcoder.h */,
				EA0EB06511D472A8006E5BEE /* hmac.c */,
				EA0EB06611D472A8006E5BEE /* hmac.h */,
				EA0EB06711D472A8006E5BEE /* sha1.c */,
				EA0EB06811D472A8006E5BEE /* sha1.h */,
			);
			path = Crypto;
			sourceTree = "<group>";
		};
		EA0EB06F11D472A8006E5BEE /* Shared */ = {
			isa = PBXGroup;
			children = (
				EACE237F11E048620083EB38 /* CustomLoginPopup.h */,
				EACE238011E048620083EB38 /* CustomLoginPopup.m */,
				EACBA7E814836BE500512B5A /* FoursquareController.h */,
				EACBA7E914836BE500512B5A /* FoursquareController.m */,
				EACBA7EA14836BE500512B5A /* FoursquareController.xib */,
				EACE238111E048620083EB38 /* TwitterController.h */,
				EACE238211E048620083EB38 /* TwitterController.m */,
				EACE238311E048620083EB38 /* TwitterController.xib */,
				EA8C57AD1483552900E96D9F /* Master.h */,
				EA8C57AE1483552900E96D9F /* Master.m */,
				EA8C57AF1483552900E96D9F /* Master.xib */,
				EACE237911E047A20083EB38 /* UploadMedia.h */,
				EACE237A11E047A20083EB38 /* UploadMedia.m */,
				EACE237B11E047A20083EB38 /* UploadMedia.xib */,
				EA0EB07511D472A8006E5BEE /* PlainOAuth-Info.plist */,
			);
			name = Shared;
			sourceTree = "<group>";
		};
		EA0EB07611D472A8006E5BEE /* Other Sources */ = {
			isa = PBXGroup;
			children = (
				EA3E5667149ECC0A002A6729 /* SBJSON */,
				EA0EB08311D472A8006E5BEE /* PlainOAuth_Prefix.pch */,
				EA0EB08411D472A8006E5BEE /* main.m */,
			);
			name = "Other Sources";
			sourceTree = "<group>";
		};
		EA3E5667149ECC0A002A6729 /* SBJSON */ = {
			isa = PBXGroup;
			children = (
				EA3E5668149ECC0A002A6729 /* NSObject+SBJson.h */,
				EA3E5669149ECC0A002A6729 /* NSObject+SBJson.m */,
				EA3E566A149ECC0A002A6729 /* SBJson.h */,
				EA3E566B149ECC0A002A6729 /* SBJsonParser.h */,
				EA3E566C149ECC0A002A6729 /* SBJsonParser.m */,
				EA3E566D149ECC0A002A6729 /* SBJsonStreamParser.h */,
				EA3E566E149ECC0A002A6729 /* SBJsonStreamParser.m */,
				EA3E566F149ECC0A002A6729 /* SBJsonStreamParserAccumulator.h */,
				EA3E5670149ECC0A002A6729 /* SBJsonStreamParserAccumulator.m */,
				EA3E5671149ECC0A002A6729 /* SBJsonStreamParserAdapter.h */,
				EA3E5672149ECC0A002A6729 /* SBJsonStreamParserAdapter.m */,
				EA3E5673149ECC0A002A6729 /* SBJsonStreamParserState.h */,
				EA3E5674149ECC0A002A6729 /* SBJsonStreamParserState.m */,
				EA3E5675149ECC0A002A6729 /* SBJsonStreamWriter.h */,
				EA3E5676149ECC0A002A6729 /* SBJsonStreamWriter.m */,
				EA3E5677149ECC0A002A6729 /* SBJsonStreamWriterAccumulator.h */,
				EA3E5678149ECC0A002A6729 /* SBJsonStreamWriterAccumulator.m */,
				EA3E5679149ECC0A002A6729 /* SBJsonStreamWriterState.h */,
				EA3E567A149ECC0A002A6729 /* SBJsonStreamWriterState.m */,
				EA3E567B149ECC0A002A6729 /* SBJsonTokeniser.h */,
				EA3E567C149ECC0A002A6729 /* SBJsonTokeniser.m */,
				EA3E567D149ECC0A002A6729 /* SBJsonUTF8Stream.h */,
				EA3E567E149ECC0A002A6729 /* SBJsonUTF8Stream.m */,
				EA3E567F149ECC0A002A6729 /* SBJsonWriter.h */,
				EA3E5680149ECC0A002A6729 /* SBJsonWriter.m */,
			);
			path = SBJSON;
			sourceTree = "<group>";
		};
		EA94F33D140AD7DC00EFAF02 /* PlainOAuthUnitTests */ = {
			isa = PBXGroup;
			children = (
				EA94F343140AD7DC00EFAF02 /* PlainOAuthUnitTests.h */,
				EA94F345140AD7DC00EFAF02 /* PlainOAuthUnitTests.m */,
				EA94F33E140AD7DC00EFAF02 /* Supporting Files */,
			);
			path = PlainOAuthUnitTests;
			sourceTree = "<group>";
		};
		EA94F33E140AD7DC00EFAF02 /* Supporting Files */ = {
			isa = PBXGroup;
			children = (
				EA94F33F140AD7DC00EFAF02 /* PlainOAuthUnitTests-Info.plist */,
				EA94F340140AD7DC00EFAF02 /* InfoPlist.strings */,
				EA94F347140AD7DC00EFAF02 /* PlainOAuthUnitTests-Prefix.pch */,
			);
			name = "Supporting Files";
			sourceTree = "<group>";
		};
/* End PBXGroup section */

/* Begin PBXNativeTarget section */
		1D6058900D05DD3D006BFB54 /* PlainOAuth */ = {
			isa = PBXNativeTarget;
			buildConfigurationList = 1D6058960D05DD3E006BFB54 /* Build configuration list for PBXNativeTarget "PlainOAuth" */;
			buildPhases = (
				1D60588D0D05DD3D006BFB54 /* Resources */,
				1D60588E0D05DD3D006BFB54 /* Sources */,
				1D60588F0D05DD3D006BFB54 /* Frameworks */,
			);
			buildRules = (
			);
			dependencies = (
			);
			name = PlainOAuth;
			productName = PlainOAuth;
			productReference = 1D6058910D05DD3D006BFB54 /* PlainOAuth.app */;
			productType = "com.apple.product-type.application";
		};
		EA94F336140AD7DC00EFAF02 /* PlainOAuthUnitTests */ = {
			isa = PBXNativeTarget;
			buildConfigurationList = EA94F34A140AD7DC00EFAF02 /* Build configuration list for PBXNativeTarget "PlainOAuthUnitTests" */;
			buildPhases = (
				EA94F332140AD7DC00EFAF02 /* Sources */,
				EA94F333140AD7DC00EFAF02 /* Frameworks */,
				EA94F334140AD7DC00EFAF02 /* Resources */,
				EA94F335140AD7DC00EFAF02 /* ShellScript */,
			);
			buildRules = (
			);
			dependencies = (
			);
			name = PlainOAuthUnitTests;
			productName = PlainOAuthUnitTests;
			productReference = EA94F337140AD7DC00EFAF02 /* PlainOAuthUnitTests.octest */;
			productType = "com.apple.product-type.bundle";
		};
/* End PBXNativeTarget section */

/* Begin PBXProject section */
		29B97313FDCFA39411CA2CEA /* Project object */ = {
			isa = PBXProject;
			attributes = {
				LastUpgradeCheck = 0420;
			};
			buildConfigurationList = C01FCF4E08A954540054247B /* Build configuration list for PBXProject "PlainOAuth" */;
			compatibilityVersion = "Xcode 3.2";
			developmentRegion = English;
			hasScannedForEncodings = 1;
			knownRegions = (
				English,
				Japanese,
				French,
				German,
				en,
			);
			mainGroup = 29B97314FDCFA39411CA2CEA /* CustomTemplate */;
			projectDirPath = "";
			projectRoot = "";
			targets = (
				1D6058900D05DD3D006BFB54 /* PlainOAuth */,
				EA94F336140AD7DC00EFAF02 /* PlainOAuthUnitTests */,
			);
		};
/* End PBXProject section */

/* Begin PBXResourcesBuildPhase section */
		1D60588D0D05DD3D006BFB54 /* Resources */ = {
			isa = PBXResourcesBuildPhase;
			buildActionMask = 2147483647;
			files = (
				EA0EB08611D472A8006E5BEE /* MainWindow_Pad.xib in Resources */,
				EA0EB08811D472A8006E5BEE /* MainWindow_Phone.xib in Resources */,
				EA0EB08911D472A8006E5BEE /* signinButtonBg.png in Resources */,
				EA0EB08A11D472A8006E5BEE /* signinHello.png in Resources */,
				EA0EB08B11D472A8006E5BEE /* signinSeparator.png in Resources */,
				EA0EB08C11D472A8006E5BEE /* signinBullet2.png in Resources */,
				EA0EB08D11D472A8006E5BEE /* signinBullet1.png in Resources */,
				EA0EB08F11D472A8006E5BEE /* TwitterLoginPopup.xib in Resources */,
				EACE237D11E047A20083EB38 /* UploadMedia.xib in Resources */,
				EACE238611E048620083EB38 /* TwitterController.xib in Resources */,
				EA39B92112657CE100EA99DF /* signinHello@2x.png in Resources */,
				EA39B92512657DA700EA99DF /* signinBullet1@2x.png in Resources */,
				EA39B92712657DAC00EA99DF /* signinBullet2@2x.png in Resources */,
				EA39B92A12657E1A00EA99DF /* signinButtonBg@2x.png in Resources */,
				EA25CABB12F61BF800C42D50 /* TwitterLoginCallbackFlow.xib in Resources */,
				EA8C57B11483552900E96D9F /* Master.xib in Resources */,
				EACBA7EC14836BE500512B5A /* FoursquareController.xib in Resources */,
			);
			runOnlyForDeploymentPostprocessing = 0;
		};
		EA94F334140AD7DC00EFAF02 /* Resources */ = {
			isa = PBXResourcesBuildPhase;
			buildActionMask = 2147483647;
			files = (
				EA94F342140AD7DC00EFAF02 /* InfoPlist.strings in Resources */,
				EA94F344140AD7DC00EFAF02 /* PlainOAuthUnitTests.h in Resources */,
			);
			runOnlyForDeploymentPostprocessing = 0;
		};
/* End PBXResourcesBuildPhase section */

/* Begin PBXShellScriptBuildPhase section */
		EA94F335140AD7DC00EFAF02 /* ShellScript */ = {
			isa = PBXShellScriptBuildPhase;
			buildActionMask = 2147483647;
			files = (
			);
			inputPaths = (
			);
			outputPaths = (
			);
			runOnlyForDeploymentPostprocessing = 0;
			shellPath = /bin/sh;
			shellScript = "# Run the unit tests in this test bundle.\n\"${SYSTEM_DEVELOPER_DIR}/Tools/RunUnitTests\"\n";
		};
/* End PBXShellScriptBuildPhase section */

/* Begin PBXSourcesBuildPhase section */
		1D60588E0D05DD3D006BFB54 /* Sources */ = {
			isa = PBXSourcesBuildPhase;
			buildActionMask = 2147483647;
			files = (
				EA0EB08511D472A8006E5BEE /* AppDelegate_Pad.m in Sources */,
				EA0EB08711D472A8006E5BEE /* AppDelegate_Phone.m in Sources */,
				EA0EB08E11D472A8006E5BEE /* TwitterLoginPopup.m in Sources */,
				EA0EB09011D472A8006E5BEE /* TwitterWebViewController.m in Sources */,
				EA0EB09B11D472A8006E5BEE /* OAHMAC_SHA1SignatureProvider.m in Sources */,
				EA0EB09C11D472A8006E5BEE /* Base64Transcoder.c in Sources */,
				EA0EB09D11D472A8006E5BEE /* hmac.c in Sources */,
				EA0EB09E11D472A8006E5BEE /* sha1.c in Sources */,
				EA0EB09F11D472A8006E5BEE /* NSString+URLEncoding.m in Sources */,
				EA0EB0A011D472A8006E5BEE /* OAuth.m in Sources */,
				EA0EB0AB11D472A8006E5BEE /* main.m in Sources */,
				EACE237C11E047A20083EB38 /* UploadMedia.m in Sources */,
				EACE238411E048620083EB38 /* CustomLoginPopup.m in Sources */,
				EACE238511E048620083EB38 /* TwitterController.m in Sources */,
				EAA077071470C70C00B03C87 /* OAuthTwitter.m in Sources */,
				EA8C57B01483552900E96D9F /* Master.m in Sources */,
				EA8C57BC148368F100E96D9F /* FoursquareLoginPopup.m in Sources */,
				EACBA7EB14836BE500512B5A /* FoursquareController.m in Sources */,
				EA3E5681149ECC0B002A6729 /* NSObject+SBJson.m in Sources */,
				EA3E5682149ECC0B002A6729 /* SBJsonParser.m in Sources */,
				EA3E5683149ECC0B002A6729 /* SBJsonStreamParser.m in Sources */,
				EA3E5684149ECC0B002A6729 /* SBJsonStreamParserAccumulator.m in Sources */,
				EA3E5685149ECC0B002A6729 /* SBJsonStreamParserAdapter.m in Sources */,
				EA3E5686149ECC0B002A6729 /* SBJsonStreamParserState.m in Sources */,
				EA3E5687149ECC0B002A6729 /* SBJsonStreamWriter.m in Sources */,
				EA3E5688149ECC0B002A6729 /* SBJsonStreamWriterAccumulator.m in Sources */,
				EA3E5689149ECC0B002A6729 /* SBJsonStreamWriterState.m in Sources */,
				EA3E568A149ECC0B002A6729 /* SBJsonTokeniser.m in Sources */,
				EA3E568B149ECC0B002A6729 /* SBJsonUTF8Stream.m in Sources */,
				EA3E568C149ECC0B002A6729 /* SBJsonWriter.m in Sources */,
			);
			runOnlyForDeploymentPostprocessing = 0;
		};
		EA94F332140AD7DC00EFAF02 /* Sources */ = {
			isa = PBXSourcesBuildPhase;
			buildActionMask = 2147483647;
			files = (
				EA85B11F140ADCDA00F687B1 /* OAHMAC_SHA1SignatureProvider.m in Sources */,
				EA85B120140ADCDA00F687B1 /* Base64Transcoder.c in Sources */,
				EA85B121140ADCDA00F687B1 /* hmac.c in Sources */,
				EA85B122140ADCDA00F687B1 /* sha1.c in Sources */,
				EA85B123140ADCDA00F687B1 /* NSString+URLEncoding.m in Sources */,
				EA85B11E140ADCA900F687B1 /* OAuth.m in Sources */,
				EA94F346140AD7DC00EFAF02 /* PlainOAuthUnitTests.m in Sources */,
			);
			runOnlyForDeploymentPostprocessing = 0;
		};
/* End PBXSourcesBuildPhase section */

/* Begin PBXVariantGroup section */
		EA94F340140AD7DC00EFAF02 /* InfoPlist.strings */ = {
			isa = PBXVariantGroup;
			children = (
				EA94F341140AD7DC00EFAF02 /* en */,
			);
			name = InfoPlist.strings;
			sourceTree = "<group>";
		};
/* End PBXVariantGroup section */

/* Begin XCBuildConfiguration section */
		1D6058940D05DD3E006BFB54 /* Debug */ = {
			isa = XCBuildConfiguration;
			buildSettings = {
				ALWAYS_SEARCH_USER_PATHS = NO;
				ARCHS = "$(ARCHS_STANDARD_32_BIT)";
				COPY_PHASE_STRIP = NO;
				GCC_DYNAMIC_NO_PIC = NO;
				GCC_OPTIMIZATION_LEVEL = 0;
				GCC_PRECOMPILE_PREFIX_HEADER = YES;
				GCC_PREFIX_HEADER = PlainOAuth_Prefix.pch;
				GCC_VERSION = com.apple.compilers.llvm.clang.1_0;
				INFOPLIST_FILE = "PlainOAuth-Info.plist";
				PRODUCT_NAME = PlainOAuth;
				SDKROOT = iphoneos;
				TARGETED_DEVICE_FAMILY = "1,2";
			};
			name = Debug;
		};
		1D6058950D05DD3E006BFB54 /* Release */ = {
			isa = XCBuildConfiguration;
			buildSettings = {
				ALWAYS_SEARCH_USER_PATHS = NO;
				ARCHS = "$(ARCHS_STANDARD_32_BIT)";
				COPY_PHASE_STRIP = YES;
				GCC_PRECOMPILE_PREFIX_HEADER = YES;
				GCC_PREFIX_HEADER = PlainOAuth_Prefix.pch;
				GCC_VERSION = com.apple.compilers.llvm.clang.1_0;
				INFOPLIST_FILE = "PlainOAuth-Info.plist";
				PRODUCT_NAME = PlainOAuth;
				SDKROOT = iphoneos;
				TARGETED_DEVICE_FAMILY = "1,2";
			};
			name = Release;
		};
		C01FCF4F08A954540054247B /* Debug */ = {
			isa = XCBuildConfiguration;
			buildSettings = {
				ARCHS = "$(ARCHS_STANDARD_32_BIT)";
				"CODE_SIGN_IDENTITY[sdk=iphoneos*]" = "iPhone Developer";
				GCC_C_LANGUAGE_STANDARD = c99;
				GCC_WARN_ABOUT_RETURN_TYPE = YES;
				GCC_WARN_UNUSED_VARIABLE = YES;
				IPHONEOS_DEPLOYMENT_TARGET = 4.3;
				SDKROOT = iphoneos;
				VALID_ARCHS = "armv6 armv7 i386";
			};
			name = Debug;
		};
		C01FCF5008A954540054247B /* Release */ = {
			isa = XCBuildConfiguration;
			buildSettings = {
				ARCHS = "$(ARCHS_STANDARD_32_BIT)";
				"CODE_SIGN_IDENTITY[sdk=iphoneos*]" = "iPhone Developer";
				GCC_C_LANGUAGE_STANDARD = c99;
				GCC_WARN_ABOUT_RETURN_TYPE = YES;
				GCC_WARN_UNUSED_VARIABLE = YES;
				IPHONEOS_DEPLOYMENT_TARGET = 4.3;
				SDKROOT = iphoneos;
				VALID_ARCHS = "armv6 armv7 i386";
			};
			name = Release;
		};
		EA94F348140AD7DC00EFAF02 /* Debug */ = {
			isa = XCBuildConfiguration;
			buildSettings = {
				ALWAYS_SEARCH_USER_PATHS = NO;
				COPY_PHASE_STRIP = NO;
				FRAMEWORK_SEARCH_PATHS = (
					"$(SDKROOT)/Developer/Library/Frameworks",
					"$(DEVELOPER_LIBRARY_DIR)/Frameworks",
				);
				GCC_C_LANGUAGE_STANDARD = gnu99;
				GCC_DYNAMIC_NO_PIC = NO;
				GCC_OPTIMIZATION_LEVEL = 0;
				GCC_PRECOMPILE_PREFIX_HEADER = YES;
				GCC_PREFIX_HEADER = "PlainOAuthUnitTests/PlainOAuthUnitTests-Prefix.pch";
				GCC_PREPROCESSOR_DEFINITIONS = (
					"DEBUG=1",
					"$(inherited)",
				);
				GCC_SYMBOLS_PRIVATE_EXTERN = NO;
				GCC_VERSION = com.apple.compilers.llvm.clang.1_0;
				GCC_WARN_ABOUT_MISSING_PROTOTYPES = NO;
				INFOPLIST_FILE = "PlainOAuthUnitTests/PlainOAuthUnitTests-Info.plist";
				PRODUCT_NAME = "$(TARGET_NAME)";
				WRAPPER_EXTENSION = octest;
			};
			name = Debug;
		};
		EA94F349140AD7DC00EFAF02 /* Release */ = {
			isa = XCBuildConfiguration;
			buildSettings = {
				ALWAYS_SEARCH_USER_PATHS = NO;
				COPY_PHASE_STRIP = YES;
				FRAMEWORK_SEARCH_PATHS = (
					"$(SDKROOT)/Developer/Library/Frameworks",
					"$(DEVELOPER_LIBRARY_DIR)/Frameworks",
				);
				GCC_C_LANGUAGE_STANDARD = gnu99;
				GCC_PRECOMPILE_PREFIX_HEADER = YES;
				GCC_PREFIX_HEADER = "PlainOAuthUnitTests/PlainOAuthUnitTests-Prefix.pch";
				GCC_VERSION = com.apple.compilers.llvm.clang.1_0;
				GCC_WARN_ABOUT_MISSING_PROTOTYPES = NO;
				INFOPLIST_FILE = "PlainOAuthUnitTests/PlainOAuthUnitTests-Info.plist";
				PRODUCT_NAME = "$(TARGET_NAME)";
				VALIDATE_PRODUCT = YES;
				WRAPPER_EXTENSION = octest;
			};
			name = Release;
		};
/* End XCBuildConfiguration section */

/* Begin XCConfigurationList section */
		1D6058960D05DD3E006BFB54 /* Build configuration list for PBXNativeTarget "PlainOAuth" */ = {
			isa = XCConfigurationList;
			buildConfigurations = (
				1D6058940D05DD3E006BFB54 /* Debug */,
				1D6058950D05DD3E006BFB54 /* Release */,
			);
			defaultConfigurationIsVisible = 0;
			defaultConfigurationName = Release;
		};
		C01FCF4E08A954540054247B /* Build configuration list for PBXProject "PlainOAuth" */ = {
			isa = XCConfigurationList;
			buildConfigurations = (
				C01FCF4F08A954540054247B /* Debug */,
				C01FCF5008A954540054247B /* Release */,
			);
			defaultConfigurationIsVisible = 0;
			defaultConfigurationName = Release;
		};
		EA94F34A140AD7DC00EFAF02 /* Build configuration list for PBXNativeTarget "PlainOAuthUnitTests" */ = {
			isa = XCConfigurationList;
			buildConfigurations = (
				EA94F348140AD7DC00EFAF02 /* Debug */,
				EA94F349140AD7DC00EFAF02 /* Release */,
			);
			defaultConfigurationIsVisible = 0;
			defaultConfigurationName = Release;
		};
/* End XCConfigurationList section */
	};
	rootObject = 29B97313FDCFA39411CA2CEA /* Project object */;
}
