// !$*UTF8*$!
{
	archiveVersion = 1;
	classes = {
	};
	objectVersion = 45;
	objects = {

/* Begin PBXBuildFile section */
		1D3623260D0F684500981E51 /* PlainOAuthAppDelegate.m in Sources */ = {isa = PBXBuildFile; fileRef = 1D3623250D0F684500981E51 /* PlainOAuthAppDelegate.m */; };
		1D60589B0D05DD56006BFB54 /* main.m in Sources */ = {isa = PBXBuildFile; fileRef = 29B97316FDCFA39411CA2CEA /* main.m */; };
		1D60589F0D05DD5A006BFB54 /* Foundation.framework in Frameworks */ = {isa = PBXBuildFile; fileRef = 1D30AB110D05D00D00671497 /* Foundation.framework */; };
		1DF5F4E00D08C38300B7A737 /* UIKit.framework in Frameworks */ = {isa = PBXBuildFile; fileRef = 1DF5F4DF0D08C38300B7A737 /* UIKit.framework */; };
		288765FD0DF74451002DB57D /* CoreGraphics.framework in Frameworks */ = {isa = PBXBuildFile; fileRef = 288765FC0DF74451002DB57D /* CoreGraphics.framework */; };
		EA0E231F1103DA6F00AF665A /* NSString+URLEncoding.m in Sources */ = {isa = PBXBuildFile; fileRef = EA0E231A1103DA6F00AF665A /* NSString+URLEncoding.m */; };
		EA0E23201103DA6F00AF665A /* OAuth.m in Sources */ = {isa = PBXBuildFile; fileRef = EA0E231B1103DA6F00AF665A /* OAuth.m */; };
		EA0E23211103DA6F00AF665A /* OAHMAC_SHA1SignatureProvider.m in Sources */ = {isa = PBXBuildFile; fileRef = EA0E231E1103DA6F00AF665A /* OAHMAC_SHA1SignatureProvider.m */; };
		EA3951E31103DAE700D867AC /* Reachability.m in Sources */ = {isa = PBXBuildFile; fileRef = EA3951E11103DAE700D867AC /* Reachability.m */; };
		EA39520C1103DB2300D867AC /* CFNetwork.framework in Frameworks */ = {isa = PBXBuildFile; fileRef = EA39520B1103DB2300D867AC /* CFNetwork.framework */; };
		EA39520E1103DB2B00D867AC /* libz.1.2.3.dylib in Frameworks */ = {isa = PBXBuildFile; fileRef = EA39520D1103DB2B00D867AC /* libz.1.2.3.dylib */; };
		EA3952101103DB3200D867AC /* SystemConfiguration.framework in Frameworks */ = {isa = PBXBuildFile; fileRef = EA39520F1103DB3200D867AC /* SystemConfiguration.framework */; };
		EA71AD591103D98700C2BB79 /* ASIInputStream.m in Sources */ = {isa = PBXBuildFile; fileRef = EA71AD451103D98700C2BB79 /* ASIInputStream.m */; };
		EA71AD5A1103D98700C2BB79 /* ASINSStringAdditions.m in Sources */ = {isa = PBXBuildFile; fileRef = EA71AD461103D98700C2BB79 /* ASINSStringAdditions.m */; };
		EA71AD5B1103D98700C2BB79 /* ASINetworkQueue.m in Sources */ = {isa = PBXBuildFile; fileRef = EA71AD481103D98700C2BB79 /* ASINetworkQueue.m */; };
		EA71AD5C1103D98700C2BB79 /* ASIS3BucketObject.m in Sources */ = {isa = PBXBuildFile; fileRef = EA71AD4A1103D98700C2BB79 /* ASIS3BucketObject.m */; };
		EA71AD5D1103D98700C2BB79 /* ASIS3Request.m in Sources */ = {isa = PBXBuildFile; fileRef = EA71AD4B1103D98700C2BB79 /* ASIS3Request.m */; };
		EA71AD5E1103D98700C2BB79 /* ASIFormDataRequest.m in Sources */ = {isa = PBXBuildFile; fileRef = EA71AD4F1103D98700C2BB79 /* ASIFormDataRequest.m */; };
		EA71AD5F1103D98700C2BB79 /* ASIS3ListRequest.m in Sources */ = {isa = PBXBuildFile; fileRef = EA71AD511103D98700C2BB79 /* ASIS3ListRequest.m */; };
		EA71AD601103D98700C2BB79 /* ASIHTTPRequest.m in Sources */ = {isa = PBXBuildFile; fileRef = EA71AD521103D98700C2BB79 /* ASIHTTPRequest.m */; };
		EA71AD611103D98700C2BB79 /* ASIAuthenticationDialog.m in Sources */ = {isa = PBXBuildFile; fileRef = EA71AD561103D98700C2BB79 /* ASIAuthenticationDialog.m */; };
		EA71AD691103D99500C2BB79 /* Base64Transcoder.c in Sources */ = {isa = PBXBuildFile; fileRef = EA71AD631103D99500C2BB79 /* Base64Transcoder.c */; };
		EA71AD6A1103D99500C2BB79 /* hmac.c in Sources */ = {isa = PBXBuildFile; fileRef = EA71AD651103D99500C2BB79 /* hmac.c */; };
		EA71AD6B1103D99500C2BB79 /* sha1.c in Sources */ = {isa = PBXBuildFile; fileRef = EA71AD671103D99500C2BB79 /* sha1.c */; };
		EA71AD731103D9A700C2BB79 /* TwitterLoginPopup.m in Sources */ = {isa = PBXBuildFile; fileRef = EA71AD6D1103D9A700C2BB79 /* TwitterLoginPopup.m */; };
		EA71AD741103D9A700C2BB79 /* RootViewController.m in Sources */ = {isa = PBXBuildFile; fileRef = EA71AD6F1103D9A700C2BB79 /* RootViewController.m */; };
		EA71AD751103D9A700C2BB79 /* OAuthViewController.m in Sources */ = {isa = PBXBuildFile; fileRef = EA71AD711103D9A700C2BB79 /* OAuthViewController.m */; };
		EA9149221103D8C9001D2DF2 /* MainWindow.xib in Resources */ = {isa = PBXBuildFile; fileRef = EA91491F1103D8C9001D2DF2 /* MainWindow.xib */; };
		EA9149231103D8C9001D2DF2 /* RootViewController.xib in Resources */ = {isa = PBXBuildFile; fileRef = EA9149201103D8C9001D2DF2 /* RootViewController.xib */; };
		EA9149241103D8C9001D2DF2 /* TwitterLoginPopup.xib in Resources */ = {isa = PBXBuildFile; fileRef = EA9149211103D8C9001D2DF2 /* TwitterLoginPopup.xib */; };
/* End PBXBuildFile section */

/* Begin PBXFileReference section */
		1D30AB110D05D00D00671497 /* Foundation.framework */ = {isa = PBXFileReference; lastKnownFileType = wrapper.framework; name = Foundation.framework; path = System/Library/Frameworks/Foundation.framework; sourceTree = SDKROOT; };
		1D3623240D0F684500981E51 /* PlainOAuthAppDelegate.h */ = {isa = PBXFileReference; fileEncoding = 4; lastKnownFileType = sourcecode.c.h; path = PlainOAuthAppDelegate.h; sourceTree = "<group>"; };
		1D3623250D0F684500981E51 /* PlainOAuthAppDelegate.m */ = {isa = PBXFileReference; fileEncoding = 4; lastKnownFileType = sourcecode.c.objc; path = PlainOAuthAppDelegate.m; sourceTree = "<group>"; };
		1D6058910D05DD3D006BFB54 /* PlainOAuth.app */ = {isa = PBXFileReference; explicitFileType = wrapper.application; includeInIndex = 0; path = PlainOAuth.app; sourceTree = BUILT_PRODUCTS_DIR; };
		1DF5F4DF0D08C38300B7A737 /* UIKit.framework */ = {isa = PBXFileReference; lastKnownFileType = wrapper.framework; name = UIKit.framework; path = System/Library/Frameworks/UIKit.framework; sourceTree = SDKROOT; };
		288765FC0DF74451002DB57D /* CoreGraphics.framework */ = {isa = PBXFileReference; lastKnownFileType = wrapper.framework; name = CoreGraphics.framework; path = System/Library/Frameworks/CoreGraphics.framework; sourceTree = SDKROOT; };
		29B97316FDCFA39411CA2CEA /* main.m */ = {isa = PBXFileReference; fileEncoding = 4; lastKnownFileType = sourcecode.c.objc; path = main.m; sourceTree = "<group>"; };
		32CA4F630368D1EE00C91783 /* PlainOAuth_Prefix.pch */ = {isa = PBXFileReference; fileEncoding = 4; lastKnownFileType = sourcecode.c.h; path = PlainOAuth_Prefix.pch; sourceTree = "<group>"; };
		8D1107310486CEB800E47090 /* PlainOAuth-Info.plist */ = {isa = PBXFileReference; fileEncoding = 4; lastKnownFileType = text.plist.xml; path = "PlainOAuth-Info.plist"; plistStructureDefinitionIdentifier = "com.apple.xcode.plist.structure-definition.iphone.info-plist"; sourceTree = "<group>"; };
		EA0E23181103DA6F00AF665A /* NSString+URLEncoding.h */ = {isa = PBXFileReference; fileEncoding = 4; lastKnownFileType = sourcecode.c.h; name = "NSString+URLEncoding.h"; path = "OAuth/NSString+URLEncoding.h"; sourceTree = "<group>"; };
		EA0E23191103DA6F00AF665A /* OAHMAC_SHA1SignatureProvider.h */ = {isa = PBXFileReference; fileEncoding = 4; lastKnownFileType = sourcecode.c.h; name = OAHMAC_SHA1SignatureProvider.h; path = OAuth/OAHMAC_SHA1SignatureProvider.h; sourceTree = "<group>"; };
		EA0E231A1103DA6F00AF665A /* NSString+URLEncoding.m */ = {isa = PBXFileReference; fileEncoding = 4; lastKnownFileType = sourcecode.c.objc; name = "NSString+URLEncoding.m"; path = "OAuth/NSString+URLEncoding.m"; sourceTree = "<group>"; };
		EA0E231B1103DA6F00AF665A /* OAuth.m */ = {isa = PBXFileReference; fileEncoding = 4; lastKnownFileType = sourcecode.c.objc; name = OAuth.m; path = OAuth/OAuth.m; sourceTree = "<group>"; };
		EA0E231C1103DA6F00AF665A /* OAuth.h */ = {isa = PBXFileReference; fileEncoding = 4; lastKnownFileType = sourcecode.c.h; name = OAuth.h; path = OAuth/OAuth.h; sourceTree = "<group>"; };
		EA0E231D1103DA6F00AF665A /* OASignatureProviding.h */ = {isa = PBXFileReference; fileEncoding = 4; lastKnownFileType = sourcecode.c.h; name = OASignatureProviding.h; path = OAuth/OASignatureProviding.h; sourceTree = "<group>"; };
		EA0E231E1103DA6F00AF665A /* OAHMAC_SHA1SignatureProvider.m */ = {isa = PBXFileReference; fileEncoding = 4; lastKnownFileType = sourcecode.c.objc; name = OAHMAC_SHA1SignatureProvider.m; path = OAuth/OAHMAC_SHA1SignatureProvider.m; sourceTree = "<group>"; };
		EA3951E11103DAE700D867AC /* Reachability.m */ = {isa = PBXFileReference; fileEncoding = 4; lastKnownFileType = sourcecode.c.objc; name = Reachability.m; path = ASIHTTPRequest/Reachability2.0/Reachability.m; sourceTree = "<group>"; };
		EA3951E21103DAE700D867AC /* Reachability.h */ = {isa = PBXFileReference; fileEncoding = 4; lastKnownFileType = sourcecode.c.h; name = Reachability.h; path = ASIHTTPRequest/Reachability2.0/Reachability.h; sourceTree = "<group>"; };
		EA3951F61103DB0A00D867AC /* Security.framework */ = {isa = PBXFileReference; lastKnownFileType = wrapper.framework; name = Security.framework; path = System/Library/Frameworks/Security.framework; sourceTree = SDKROOT; };
		EA39520B1103DB2300D867AC /* CFNetwork.framework */ = {isa = PBXFileReference; lastKnownFileType = wrapper.framework; name = CFNetwork.framework; path = System/Library/Frameworks/CFNetwork.framework; sourceTree = SDKROOT; };
		EA39520D1103DB2B00D867AC /* libz.1.2.3.dylib */ = {isa = PBXFileReference; lastKnownFileType = "compiled.mach-o.dylib"; name = libz.1.2.3.dylib; path = usr/lib/libz.1.2.3.dylib; sourceTree = SDKROOT; };
		EA39520F1103DB3200D867AC /* SystemConfiguration.framework */ = {isa = PBXFileReference; lastKnownFileType = wrapper.framework; name = SystemConfiguration.framework; path = System/Library/Frameworks/SystemConfiguration.framework; sourceTree = SDKROOT; };
		EA71AD431103D98700C2BB79 /* ASIInputStream.h */ = {isa = PBXFileReference; fileEncoding = 4; lastKnownFileType = sourcecode.c.h; name = ASIInputStream.h; path = ASIHTTPRequest/ASIInputStream.h; sourceTree = "<group>"; };
		EA71AD451103D98700C2BB79 /* ASIInputStream.m */ = {isa = PBXFileReference; fileEncoding = 4; lastKnownFileType = sourcecode.c.objc; name = ASIInputStream.m; path = ASIHTTPRequest/ASIInputStream.m; sourceTree = "<group>"; };
		EA71AD461103D98700C2BB79 /* ASINSStringAdditions.m */ = {isa = PBXFileReference; fileEncoding = 4; lastKnownFileType = sourcecode.c.objc; name = ASINSStringAdditions.m; path = ASIHTTPRequest/ASINSStringAdditions.m; sourceTree = "<group>"; };
		EA71AD471103D98700C2BB79 /* ASINetworkQueue.h */ = {isa = PBXFileReference; fileEncoding = 4; lastKnownFileType = sourcecode.c.h; name = ASINetworkQueue.h; path = ASIHTTPRequest/ASINetworkQueue.h; sourceTree = "<group>"; };
		EA71AD481103D98700C2BB79 /* ASINetworkQueue.m */ = {isa = PBXFileReference; fileEncoding = 4; lastKnownFileType = sourcecode.c.objc; name = ASINetworkQueue.m; path = ASIHTTPRequest/ASINetworkQueue.m; sourceTree = "<group>"; };
		EA71AD491103D98700C2BB79 /* ASIHTTPRequestConfig.h */ = {isa = PBXFileReference; fileEncoding = 4; lastKnownFileType = sourcecode.c.h; name = ASIHTTPRequestConfig.h; path = ASIHTTPRequest/ASIHTTPRequestConfig.h; sourceTree = "<group>"; };
		EA71AD4A1103D98700C2BB79 /* ASIS3BucketObject.m */ = {isa = PBXFileReference; fileEncoding = 4; lastKnownFileType = sourcecode.c.objc; name = ASIS3BucketObject.m; path = ASIHTTPRequest/ASIS3BucketObject.m; sourceTree = "<group>"; };
		EA71AD4B1103D98700C2BB79 /* ASIS3Request.m */ = {isa = PBXFileReference; fileEncoding = 4; lastKnownFileType = sourcecode.c.objc; name = ASIS3Request.m; path = ASIHTTPRequest/ASIS3Request.m; sourceTree = "<group>"; };
		EA71AD4C1103D98700C2BB79 /* ASIS3Request.h */ = {isa = PBXFileReference; fileEncoding = 4; lastKnownFileType = sourcecode.c.h; name = ASIS3Request.h; path = ASIHTTPRequest/ASIS3Request.h; sourceTree = "<group>"; };
		EA71AD4D1103D98700C2BB79 /* ASIFormDataRequest.h */ = {isa = PBXFileReference; fileEncoding = 4; lastKnownFileType = sourcecode.c.h; name = ASIFormDataRequest.h; path = ASIHTTPRequest/ASIFormDataRequest.h; sourceTree = "<group>"; };
		EA71AD4E1103D98700C2BB79 /* ASIS3BucketObject.h */ = {isa = PBXFileReference; fileEncoding = 4; lastKnownFileType = sourcecode.c.h; name = ASIS3BucketObject.h; path = ASIHTTPRequest/ASIS3BucketObject.h; sourceTree = "<group>"; };
		EA71AD4F1103D98700C2BB79 /* ASIFormDataRequest.m */ = {isa = PBXFileReference; fileEncoding = 4; lastKnownFileType = sourcecode.c.objc; name = ASIFormDataRequest.m; path = ASIHTTPRequest/ASIFormDataRequest.m; sourceTree = "<group>"; };
		EA71AD511103D98700C2BB79 /* ASIS3ListRequest.m */ = {isa = PBXFileReference; fileEncoding = 4; lastKnownFileType = sourcecode.c.objc; name = ASIS3ListRequest.m; path = ASIHTTPRequest/ASIS3ListRequest.m; sourceTree = "<group>"; };
		EA71AD521103D98700C2BB79 /* ASIHTTPRequest.m */ = {isa = PBXFileReference; fileEncoding = 4; lastKnownFileType = sourcecode.c.objc; name = ASIHTTPRequest.m; path = ASIHTTPRequest/ASIHTTPRequest.m; sourceTree = "<group>"; };
		EA71AD531103D98700C2BB79 /* ASINSStringAdditions.h */ = {isa = PBXFileReference; fileEncoding = 4; lastKnownFileType = sourcecode.c.h; name = ASINSStringAdditions.h; path = ASIHTTPRequest/ASINSStringAdditions.h; sourceTree = "<group>"; };
		EA71AD541103D98700C2BB79 /* ASIHTTPRequest.h */ = {isa = PBXFileReference; fileEncoding = 4; lastKnownFileType = sourcecode.c.h; name = ASIHTTPRequest.h; path = ASIHTTPRequest/ASIHTTPRequest.h; sourceTree = "<group>"; };
		EA71AD551103D98700C2BB79 /* ASIS3ListRequest.h */ = {isa = PBXFileReference; fileEncoding = 4; lastKnownFileType = sourcecode.c.h; name = ASIS3ListRequest.h; path = ASIHTTPRequest/ASIS3ListRequest.h; sourceTree = "<group>"; };
		EA71AD561103D98700C2BB79 /* ASIAuthenticationDialog.m */ = {isa = PBXFileReference; fileEncoding = 4; lastKnownFileType = sourcecode.c.objc; name = ASIAuthenticationDialog.m; path = ASIHTTPRequest/ASIAuthenticationDialog.m; sourceTree = "<group>"; };
		EA71AD571103D98700C2BB79 /* ASIAuthenticationDialog.h */ = {isa = PBXFileReference; fileEncoding = 4; lastKnownFileType = sourcecode.c.h; name = ASIAuthenticationDialog.h; path = ASIHTTPRequest/ASIAuthenticationDialog.h; sourceTree = "<group>"; };
		EA71AD631103D99500C2BB79 /* Base64Transcoder.c */ = {isa = PBXFileReference; fileEncoding = 4; lastKnownFileType = sourcecode.c.c; path = Base64Transcoder.c; sourceTree = "<group>"; };
		EA71AD641103D99500C2BB79 /* Base64Transcoder.h */ = {isa = PBXFileReference; fileEncoding = 4; lastKnownFileType = sourcecode.c.h; path = Base64Transcoder.h; sourceTree = "<group>"; };
		EA71AD651103D99500C2BB79 /* hmac.c */ = {isa = PBXFileReference; fileEncoding = 4; lastKnownFileType = sourcecode.c.c; path = hmac.c; sourceTree = "<group>"; };
		EA71AD661103D99500C2BB79 /* hmac.h */ = {isa = PBXFileReference; fileEncoding = 4; lastKnownFileType = sourcecode.c.h; path = hmac.h; sourceTree = "<group>"; };
		EA71AD671103D99500C2BB79 /* sha1.c */ = {isa = PBXFileReference; fileEncoding = 4; lastKnownFileType = sourcecode.c.c; path = sha1.c; sourceTree = "<group>"; };
		EA71AD681103D99500C2BB79 /* sha1.h */ = {isa = PBXFileReference; fileEncoding = 4; lastKnownFileType = sourcecode.c.h; path = sha1.h; sourceTree = "<group>"; };
		EA71AD6D1103D9A700C2BB79 /* TwitterLoginPopup.m */ = {isa = PBXFileReference; fileEncoding = 4; lastKnownFileType = sourcecode.c.objc; name = TwitterLoginPopup.m; path = "View Controllers/TwitterLoginPopup.m"; sourceTree = "<group>"; };
		EA71AD6E1103D9A700C2BB79 /* TwitterLoginPopup.h */ = {isa = PBXFileReference; fileEncoding = 4; lastKnownFileType = sourcecode.c.h; name = TwitterLoginPopup.h; path = "View Controllers/TwitterLoginPopup.h"; sourceTree = "<group>"; };
		EA71AD6F1103D9A700C2BB79 /* RootViewController.m */ = {isa = PBXFileReference; fileEncoding = 4; lastKnownFileType = sourcecode.c.objc; name = RootViewController.m; path = "View Controllers/RootViewController.m"; sourceTree = "<group>"; };
		EA71AD701103D9A700C2BB79 /* RootViewController.h */ = {isa = PBXFileReference; fileEncoding = 4; lastKnownFileType = sourcecode.c.h; name = RootViewController.h; path = "View Controllers/RootViewController.h"; sourceTree = "<group>"; };
		EA71AD711103D9A700C2BB79 /* OAuthViewController.m */ = {isa = PBXFileReference; fileEncoding = 4; lastKnownFileType = sourcecode.c.objc; name = OAuthViewController.m; path = "View Controllers/OAuthViewController.m"; sourceTree = "<group>"; };
		EA71AD721103D9A700C2BB79 /* OAuthViewController.h */ = {isa = PBXFileReference; fileEncoding = 4; lastKnownFileType = sourcecode.c.h; name = OAuthViewController.h; path = "View Controllers/OAuthViewController.h"; sourceTree = "<group>"; };
		EA9148FA1103D85B001D2DF2 /* OAuthConsumerCredentials.h */ = {isa = PBXFileReference; fileEncoding = 4; lastKnownFileType = sourcecode.c.h; path = OAuthConsumerCredentials.h; sourceTree = "<group>"; };
		EA91491F1103D8C9001D2DF2 /* MainWindow.xib */ = {isa = PBXFileReference; lastKnownFileType = file.xib; path = MainWindow.xib; sourceTree = "<group>"; };
		EA9149201103D8C9001D2DF2 /* RootViewController.xib */ = {isa = PBXFileReference; lastKnownFileType = file.xib; path = RootViewController.xib; sourceTree = "<group>"; };
		EA9149211103D8C9001D2DF2 /* TwitterLoginPopup.xib */ = {isa = PBXFileReference; lastKnownFileType = file.xib; path = TwitterLoginPopup.xib; sourceTree = "<group>"; };
/* End PBXFileReference section */

/* Begin PBXFrameworksBuildPhase section */
		1D60588F0D05DD3D006BFB54 /* Frameworks */ = {
			isa = PBXFrameworksBuildPhase;
			buildActionMask = 2147483647;
			files = (
				1D60589F0D05DD5A006BFB54 /* Foundation.framework in Frameworks */,
				1DF5F4E00D08C38300B7A737 /* UIKit.framework in Frameworks */,
				288765FD0DF74451002DB57D /* CoreGraphics.framework in Frameworks */,
				EA39520C1103DB2300D867AC /* CFNetwork.framework in Frameworks */,
				EA39520E1103DB2B00D867AC /* libz.1.2.3.dylib in Frameworks */,
				EA3952101103DB3200D867AC /* SystemConfiguration.framework in Frameworks */,
			);
			runOnlyForDeploymentPostprocessing = 0;
		};
/* End PBXFrameworksBuildPhase section */

/* Begin PBXGroup section */
		080E96DDFE201D6D7F000001 /* Classes */ = {
			isa = PBXGroup;
			children = (
				EA9148FA1103D85B001D2DF2 /* OAuthConsumerCredentials.h */,
				EA9148FB1103D877001D2DF2 /* ASIHTTPRequest */,
				EA9148F01103D84A001D2DF2 /* View Controllers */,
				EA9148D91103D839001D2DF2 /* OAuth */,
				1D3623240D0F684500981E51 /* PlainOAuthAppDelegate.h */,
				1D3623250D0F684500981E51 /* PlainOAuthAppDelegate.m */,
			);
			path = Classes;
			sourceTree = "<group>";
		};
		19C28FACFE9D520D11CA2CBB /* Products */ = {
			isa = PBXGroup;
			children = (
				1D6058910D05DD3D006BFB54 /* PlainOAuth.app */,
			);
			name = Products;
			sourceTree = "<group>";
		};
		29B97314FDCFA39411CA2CEA /* CustomTemplate */ = {
			isa = PBXGroup;
			children = (
				080E96DDFE201D6D7F000001 /* Classes */,
				29B97315FDCFA39411CA2CEA /* Other Sources */,
				29B97317FDCFA39411CA2CEA /* Resources */,
				29B97323FDCFA39411CA2CEA /* Frameworks */,
				19C28FACFE9D520D11CA2CBB /* Products */,
			);
			name = CustomTemplate;
			sourceTree = "<group>";
		};
		29B97315FDCFA39411CA2CEA /* Other Sources */ = {
			isa = PBXGroup;
			children = (
				32CA4F630368D1EE00C91783 /* PlainOAuth_Prefix.pch */,
				29B97316FDCFA39411CA2CEA /* main.m */,
			);
			name = "Other Sources";
			sourceTree = "<group>";
		};
		29B97317FDCFA39411CA2CEA /* Resources */ = {
			isa = PBXGroup;
			children = (
				EA91491F1103D8C9001D2DF2 /* MainWindow.xib */,
				EA9149201103D8C9001D2DF2 /* RootViewController.xib */,
				EA9149211103D8C9001D2DF2 /* TwitterLoginPopup.xib */,
				8D1107310486CEB800E47090 /* PlainOAuth-Info.plist */,
			);
			name = Resources;
			sourceTree = "<group>";
		};
		29B97323FDCFA39411CA2CEA /* Frameworks */ = {
			isa = PBXGroup;
			children = (
				EA3951F61103DB0A00D867AC /* Security.framework */,
				EA39520B1103DB2300D867AC /* CFNetwork.framework */,
				EA39520D1103DB2B00D867AC /* libz.1.2.3.dylib */,
				EA39520F1103DB3200D867AC /* SystemConfiguration.framework */,
				1DF5F4DF0D08C38300B7A737 /* UIKit.framework */,
				1D30AB110D05D00D00671497 /* Foundation.framework */,
				288765FC0DF74451002DB57D /* CoreGraphics.framework */,
			);
			name = Frameworks;
			sourceTree = "<group>";
		};
		EA71AD621103D99500C2BB79 /* Crypto */ = {
			isa = PBXGroup;
			children = (
				EA71AD631103D99500C2BB79 /* Base64Transcoder.c */,
				EA71AD641103D99500C2BB79 /* Base64Transcoder.h */,
				EA71AD651103D99500C2BB79 /* hmac.c */,
				EA71AD661103D99500C2BB79 /* hmac.h */,
				EA71AD671103D99500C2BB79 /* sha1.c */,
				EA71AD681103D99500C2BB79 /* sha1.h */,
			);
			path = Crypto;
			sourceTree = "<group>";
		};
		EA9148D91103D839001D2DF2 /* OAuth */ = {
			isa = PBXGroup;
			children = (
				EA0E23181103DA6F00AF665A /* NSString+URLEncoding.h */,
				EA0E23191103DA6F00AF665A /* OAHMAC_SHA1SignatureProvider.h */,
				EA0E231A1103DA6F00AF665A /* NSString+URLEncoding.m */,
				EA0E231B1103DA6F00AF665A /* OAuth.m */,
				EA0E231C1103DA6F00AF665A /* OAuth.h */,
				EA0E231D1103DA6F00AF665A /* OASignatureProviding.h */,
				EA0E231E1103DA6F00AF665A /* OAHMAC_SHA1SignatureProvider.m */,
				EA71AD621103D99500C2BB79 /* Crypto */,
			);
			name = OAuth;
			sourceTree = "<group>";
		};
		EA9148F01103D84A001D2DF2 /* View Controllers */ = {
			isa = PBXGroup;
			children = (
				EA71AD6D1103D9A700C2BB79 /* TwitterLoginPopup.m */,
				EA71AD6E1103D9A700C2BB79 /* TwitterLoginPopup.h */,
				EA71AD6F1103D9A700C2BB79 /* RootViewController.m */,
				EA71AD701103D9A700C2BB79 /* RootViewController.h */,
				EA71AD711103D9A700C2BB79 /* OAuthViewController.m */,
				EA71AD721103D9A700C2BB79 /* OAuthViewController.h */,
			);
			name = "View Controllers";
			sourceTree = "<group>";
		};
		EA9148FB1103D877001D2DF2 /* ASIHTTPRequest */ = {
			isa = PBXGroup;
			children = (
				EA71AD431103D98700C2BB79 /* ASIInputStream.h */,
				EA71AD451103D98700C2BB79 /* ASIInputStream.m */,
				EA71AD461103D98700C2BB79 /* ASINSStringAdditions.m */,
				EA71AD471103D98700C2BB79 /* ASINetworkQueue.h */,
				EA71AD481103D98700C2BB79 /* ASINetworkQueue.m */,
				EA71AD491103D98700C2BB79 /* ASIHTTPRequestConfig.h */,
				EA71AD4A1103D98700C2BB79 /* ASIS3BucketObject.m */,
				EA71AD4B1103D98700C2BB79 /* ASIS3Request.m */,
				EA71AD4C1103D98700C2BB79 /* ASIS3Request.h */,
				EA71AD4D1103D98700C2BB79 /* ASIFormDataRequest.h */,
				EA71AD4E1103D98700C2BB79 /* ASIS3BucketObject.h */,
				EA71AD4F1103D98700C2BB79 /* ASIFormDataRequest.m */,
				EA71AD511103D98700C2BB79 /* ASIS3ListRequest.m */,
				EA71AD521103D98700C2BB79 /* ASIHTTPRequest.m */,
				EA71AD531103D98700C2BB79 /* ASINSStringAdditions.h */,
				EA71AD541103D98700C2BB79 /* ASIHTTPRequest.h */,
				EA71AD551103D98700C2BB79 /* ASIS3ListRequest.h */,
				EA71AD561103D98700C2BB79 /* ASIAuthenticationDialog.m */,
				EA71AD571103D98700C2BB79 /* ASIAuthenticationDialog.h */,
				EA9148FC1103D877001D2DF2 /* Reachability2.0 */,
			);
			name = ASIHTTPRequest;
			sourceTree = "<group>";
		};
		EA9148FC1103D877001D2DF2 /* Reachability2.0 */ = {
			isa = PBXGroup;
			children = (
				EA3951E11103DAE700D867AC /* Reachability.m */,
				EA3951E21103DAE700D867AC /* Reachability.h */,
			);
			name = Reachability2.0;
			sourceTree = "<group>";
		};
/* End PBXGroup section */

/* Begin PBXNativeTarget section */
		1D6058900D05DD3D006BFB54 /* PlainOAuth */ = {
			isa = PBXNativeTarget;
			buildConfigurationList = 1D6058960D05DD3E006BFB54 /* Build configuration list for PBXNativeTarget "PlainOAuth" */;
			buildPhases = (
				1D60588D0D05DD3D006BFB54 /* Resources */,
				1D60588E0D05DD3D006BFB54 /* Sources */,
				1D60588F0D05DD3D006BFB54 /* Frameworks */,
			);
			buildRules = (
			);
			dependencies = (
			);
			name = PlainOAuth;
			productName = PlainOAuth;
			productReference = 1D6058910D05DD3D006BFB54 /* PlainOAuth.app */;
			productType = "com.apple.product-type.application";
		};
/* End PBXNativeTarget section */

/* Begin PBXProject section */
		29B97313FDCFA39411CA2CEA /* Project object */ = {
			isa = PBXProject;
			buildConfigurationList = C01FCF4E08A954540054247B /* Build configuration list for PBXProject "PlainOAuth" */;
			compatibilityVersion = "Xcode 3.1";
			hasScannedForEncodings = 1;
			mainGroup = 29B97314FDCFA39411CA2CEA /* CustomTemplate */;
			projectDirPath = "";
			projectRoot = "";
			targets = (
				1D6058900D05DD3D006BFB54 /* PlainOAuth */,
			);
		};
/* End PBXProject section */

/* Begin PBXResourcesBuildPhase section */
		1D60588D0D05DD3D006BFB54 /* Resources */ = {
			isa = PBXResourcesBuildPhase;
			buildActionMask = 2147483647;
			files = (
				EA9149221103D8C9001D2DF2 /* MainWindow.xib in Resources */,
				EA9149231103D8C9001D2DF2 /* RootViewController.xib in Resources */,
				EA9149241103D8C9001D2DF2 /* TwitterLoginPopup.xib in Resources */,
			);
			runOnlyForDeploymentPostprocessing = 0;
		};
/* End PBXResourcesBuildPhase section */

/* Begin PBXSourcesBuildPhase section */
		1D60588E0D05DD3D006BFB54 /* Sources */ = {
			isa = PBXSourcesBuildPhase;
			buildActionMask = 2147483647;
			files = (
				1D60589B0D05DD56006BFB54 /* main.m in Sources */,
				1D3623260D0F684500981E51 /* PlainOAuthAppDelegate.m in Sources */,
				EA71AD591103D98700C2BB79 /* ASIInputStream.m in Sources */,
				EA71AD5A1103D98700C2BB79 /* ASINSStringAdditions.m in Sources */,
				EA71AD5B1103D98700C2BB79 /* ASINetworkQueue.m in Sources */,
				EA71AD5C1103D98700C2BB79 /* ASIS3BucketObject.m in Sources */,
				EA71AD5D1103D98700C2BB79 /* ASIS3Request.m in Sources */,
				EA71AD5E1103D98700C2BB79 /* ASIFormDataRequest.m in Sources */,
				EA71AD5F1103D98700C2BB79 /* ASIS3ListRequest.m in Sources */,
				EA71AD601103D98700C2BB79 /* ASIHTTPRequest.m in Sources */,
				EA71AD611103D98700C2BB79 /* ASIAuthenticationDialog.m in Sources */,
				EA71AD691103D99500C2BB79 /* Base64Transcoder.c in Sources */,
				EA71AD6A1103D99500C2BB79 /* hmac.c in Sources */,
				EA71AD6B1103D99500C2BB79 /* sha1.c in Sources */,
				EA71AD731103D9A700C2BB79 /* TwitterLoginPopup.m in Sources */,
				EA71AD741103D9A700C2BB79 /* RootViewController.m in Sources */,
				EA71AD751103D9A700C2BB79 /* OAuthViewController.m in Sources */,
				EA0E231F1103DA6F00AF665A /* NSString+URLEncoding.m in Sources */,
				EA0E23201103DA6F00AF665A /* OAuth.m in Sources */,
				EA0E23211103DA6F00AF665A /* OAHMAC_SHA1SignatureProvider.m in Sources */,
				EA3951E31103DAE700D867AC /* Reachability.m in Sources */,
			);
			runOnlyForDeploymentPostprocessing = 0;
		};
/* End PBXSourcesBuildPhase section */

/* Begin XCBuildConfiguration section */
		1D6058940D05DD3E006BFB54 /* Debug */ = {
			isa = XCBuildConfiguration;
			buildSettings = {
				ALWAYS_SEARCH_USER_PATHS = NO;
				COPY_PHASE_STRIP = NO;
				GCC_DYNAMIC_NO_PIC = NO;
				GCC_OPTIMIZATION_LEVEL = 0;
				GCC_PRECOMPILE_PREFIX_HEADER = YES;
				GCC_PREFIX_HEADER = PlainOAuth_Prefix.pch;
				INFOPLIST_FILE = "PlainOAuth-Info.plist";
				PRODUCT_NAME = PlainOAuth;
			};
			name = Debug;
		};
		1D6058950D05DD3E006BFB54 /* Release */ = {
			isa = XCBuildConfiguration;
			buildSettings = {
				ALWAYS_SEARCH_USER_PATHS = NO;
				COPY_PHASE_STRIP = YES;
				GCC_PRECOMPILE_PREFIX_HEADER = YES;
				GCC_PREFIX_HEADER = PlainOAuth_Prefix.pch;
				INFOPLIST_FILE = "PlainOAuth-Info.plist";
				PRODUCT_NAME = PlainOAuth;
			};
			name = Release;
		};
		C01FCF4F08A954540054247B /* Debug */ = {
			isa = XCBuildConfiguration;
			buildSettings = {
				ARCHS = "$(ARCHS_STANDARD_32_BIT)";
				"CODE_SIGN_IDENTITY[sdk=iphoneos*]" = "iPhone Developer";
				GCC_C_LANGUAGE_STANDARD = c99;
				GCC_WARN_ABOUT_RETURN_TYPE = YES;
				GCC_WARN_UNUSED_VARIABLE = YES;
				PREBINDING = NO;
				SDKROOT = iphoneos3.1.2;
			};
			name = Debug;
		};
		C01FCF5008A954540054247B /* Release */ = {
			isa = XCBuildConfiguration;
			buildSettings = {
				ARCHS = "$(ARCHS_STANDARD_32_BIT)";
				"CODE_SIGN_IDENTITY[sdk=iphoneos*]" = "iPhone Developer";
				GCC_C_LANGUAGE_STANDARD = c99;
				GCC_WARN_ABOUT_RETURN_TYPE = YES;
				GCC_WARN_UNUSED_VARIABLE = YES;
				PREBINDING = NO;
				SDKROOT = iphoneos3.1.2;
			};
			name = Release;
		};
/* End XCBuildConfiguration section */

/* Begin XCConfigurationList section */
		1D6058960D05DD3E006BFB54 /* Build configuration list for PBXNativeTarget "PlainOAuth" */ = {
			isa = XCConfigurationList;
			buildConfigurations = (
				1D6058940D05DD3E006BFB54 /* Debug */,
				1D6058950D05DD3E006BFB54 /* Release */,
			);
			defaultConfigurationIsVisible = 0;
			defaultConfigurationName = Release;
		};
		C01FCF4E08A954540054247B /* Build configuration list for PBXProject "PlainOAuth" */ = {
			isa = XCConfigurationList;
			buildConfigurations = (
				C01FCF4F08A954540054247B /* Debug */,
				C01FCF5008A954540054247B /* Release */,
			);
			defaultConfigurationIsVisible = 0;
			defaultConfigurationName = Release;
		};
/* End XCConfigurationList section */
	};
	rootObject = 29B97313FDCFA39411CA2CEA /* Project object */;
}
